// !$*UTF8*$!
{
	archiveVersion = 1;
	classes = {
	};
	objectVersion = 55;
	objects = {

/* Begin PBXBuildFile section */
		920D483E5E05884202824DE3 /* Pods_ScoreWind.framework in Frameworks */ = {isa = PBXBuildFile; fileRef = F3441470A2546CDD3AD7E6C9 /* Pods_ScoreWind.framework */; };
		B54FC1429AC896AD280E77F4 /* Pods_ScoreWindTests.framework in Frameworks */ = {isa = PBXBuildFile; fileRef = 87352E67846310649E0B1D07 /* Pods_ScoreWindTests.framework */; };
		C810183929D2FB7400B54AFD /* DownloadSpinnerView.swift in Sources */ = {isa = PBXBuildFile; fileRef = C810183829D2FB7400B54AFD /* DownloadSpinnerView.swift */; };
		C821817F29BEC68800F8180E /* Orientation.swift in Sources */ = {isa = PBXBuildFile; fileRef = C821817E29BEC68800F8180E /* Orientation.swift */; };
		C8285E3D2A25033600D4D917 /* BuyButtonView.swift in Sources */ = {isa = PBXBuildFile; fileRef = C8285E3C2A25033600D4D917 /* BuyButtonView.swift */; };
		C8285E3F2A289A7400D4D917 /* AbouSupportView.swift in Sources */ = {isa = PBXBuildFile; fileRef = C8285E3E2A289A7400D4D917 /* AbouSupportView.swift */; };
		C85F272A286F4C2B00D0A4E5 /* ScoreWindApp.swift in Sources */ = {isa = PBXBuildFile; fileRef = C85F2729286F4C2B00D0A4E5 /* ScoreWindApp.swift */; };
		C85F272E286F4C2C00D0A4E5 /* Assets.xcassets in Resources */ = {isa = PBXBuildFile; fileRef = C85F272D286F4C2C00D0A4E5 /* Assets.xcassets */; };
		C85F2731286F4C2C00D0A4E5 /* Preview Assets.xcassets in Resources */ = {isa = PBXBuildFile; fileRef = C85F2730286F4C2C00D0A4E5 /* Preview Assets.xcassets */; };
		C85F273B286F4C2C00D0A4E5 /* ScoreWindTests.swift in Sources */ = {isa = PBXBuildFile; fileRef = C85F273A286F4C2C00D0A4E5 /* ScoreWindTests.swift */; };
		C85F2745286F4C2C00D0A4E5 /* ScoreWindUITests.swift in Sources */ = {isa = PBXBuildFile; fileRef = C85F2744286F4C2C00D0A4E5 /* ScoreWindUITests.swift */; };
		C85F2747286F4C2C00D0A4E5 /* ScoreWindUITestsLaunchTests.swift in Sources */ = {isa = PBXBuildFile; fileRef = C85F2746286F4C2C00D0A4E5 /* ScoreWindUITestsLaunchTests.swift */; };
		C85F2755286F4E4B00D0A4E5 /* LaunchScreen.storyboard in Resources */ = {isa = PBXBuildFile; fileRef = C85F2754286F4E4B00D0A4E5 /* LaunchScreen.storyboard */; };
		C85F2759286F4EEE00D0A4E5 /* data_version.json in Resources */ = {isa = PBXBuildFile; fileRef = C85F2758286F4EEE00D0A4E5 /* data_version.json */; };
		C85F275B286F4EF900D0A4E5 /* www in Resources */ = {isa = PBXBuildFile; fileRef = C85F275A286F4EF900D0A4E5 /* www */; };
		C85F2772286F4F2E00D0A4E5 /* CourseView.swift in Sources */ = {isa = PBXBuildFile; fileRef = C85F275E286F4F2E00D0A4E5 /* CourseView.swift */; };
		C85F2773286F4F2E00D0A4E5 /* HomeView.swift in Sources */ = {isa = PBXBuildFile; fileRef = C85F275F286F4F2E00D0A4E5 /* HomeView.swift */; };
		C85F2774286F4F2E00D0A4E5 /* MyCoursesView.swift in Sources */ = {isa = PBXBuildFile; fileRef = C85F2760286F4F2E00D0A4E5 /* MyCoursesView.swift */; };
		C85F2775286F4F2E00D0A4E5 /* LessonScoreView.swift in Sources */ = {isa = PBXBuildFile; fileRef = C85F2761286F4F2E00D0A4E5 /* LessonScoreView.swift */; };
		C85F2777286F4F2E00D0A4E5 /* ScorewindTimestamp.swift in Sources */ = {isa = PBXBuildFile; fileRef = C85F2763286F4F2E00D0A4E5 /* ScorewindTimestamp.swift */; };
		C85F2778286F4F2E00D0A4E5 /* ViewModel.swift in Sources */ = {isa = PBXBuildFile; fileRef = C85F2764286F4F2E00D0A4E5 /* ViewModel.swift */; };
		C85F2779286F4F2E00D0A4E5 /* WebView.swift in Sources */ = {isa = PBXBuildFile; fileRef = C85F2765286F4F2E00D0A4E5 /* WebView.swift */; };
		C85F277A286F4F2E00D0A4E5 /* ScorewindCourse.swift in Sources */ = {isa = PBXBuildFile; fileRef = C85F2766286F4F2E00D0A4E5 /* ScorewindCourse.swift */; };
		C85F277B286F4F2E00D0A4E5 /* HTMLString.swift in Sources */ = {isa = PBXBuildFile; fileRef = C85F2767286F4F2E00D0A4E5 /* HTMLString.swift */; };
		C85F277C286F4F2E00D0A4E5 /* ScorewindData.swift in Sources */ = {isa = PBXBuildFile; fileRef = C85F2768286F4F2E00D0A4E5 /* ScorewindData.swift */; };
		C85F277D286F4F2E00D0A4E5 /* StudentData.swift in Sources */ = {isa = PBXBuildFile; fileRef = C85F2769286F4F2E00D0A4E5 /* StudentData.swift */; };
		C85F277E286F4F2E00D0A4E5 /* LessonSheetView.swift in Sources */ = {isa = PBXBuildFile; fileRef = C85F276A286F4F2E00D0A4E5 /* LessonSheetView.swift */; };
		C85F277F286F4F2E00D0A4E5 /* LessonTextView.swift in Sources */ = {isa = PBXBuildFile; fileRef = C85F276B286F4F2E00D0A4E5 /* LessonTextView.swift */; };
		C85F2780286F4F2E00D0A4E5 /* DownloadItem.swift in Sources */ = {isa = PBXBuildFile; fileRef = C85F276C286F4F2E00D0A4E5 /* DownloadItem.swift */; };
		C85F2781286F4F2E00D0A4E5 /* MyTheme.swift in Sources */ = {isa = PBXBuildFile; fileRef = C85F276D286F4F2E00D0A4E5 /* MyTheme.swift */; };
		C85F2782286F4F2E00D0A4E5 /* LessonView.swift in Sources */ = {isa = PBXBuildFile; fileRef = C85F276E286F4F2E00D0A4E5 /* LessonView.swift */; };
		C85F2783286F4F2E00D0A4E5 /* FileManager.swift in Sources */ = {isa = PBXBuildFile; fileRef = C85F276F286F4F2E00D0A4E5 /* FileManager.swift */; };
		C85F2784286F4F2E00D0A4E5 /* DownloadManager.swift in Sources */ = {isa = PBXBuildFile; fileRef = C85F2770286F4F2E00D0A4E5 /* DownloadManager.swift */; };
		C85F2785286F4F2E00D0A4E5 /* WizardView.swift in Sources */ = {isa = PBXBuildFile; fileRef = C85F2771286F4F2E00D0A4E5 /* WizardView.swift */; };
		C85F2793286F59BC00D0A4E5 /* Page.swift in Sources */ = {isa = PBXBuildFile; fileRef = C85F278E286F59BC00D0A4E5 /* Page.swift */; };
		C85F2795286F59BC00D0A4E5 /* CourseType.swift in Sources */ = {isa = PBXBuildFile; fileRef = C85F2790286F59BC00D0A4E5 /* CourseType.swift */; };
		C85F2796286F59BC00D0A4E5 /* InstrumentType.swift in Sources */ = {isa = PBXBuildFile; fileRef = C85F2791286F59BC00D0A4E5 /* InstrumentType.swift */; };
		C85F2797286F59BC00D0A4E5 /* DownloadStatus.swift in Sources */ = {isa = PBXBuildFile; fileRef = C85F2792286F59BC00D0A4E5 /* DownloadStatus.swift */; };
		C85F279A286F5B1C00D0A4E5 /* iCloudKeyValue.swift in Sources */ = {isa = PBXBuildFile; fileRef = C85F2799286F5B1C00D0A4E5 /* iCloudKeyValue.swift */; };
		C85F279C2871846200D0A4E5 /* BlankTabView.swift in Sources */ = {isa = PBXBuildFile; fileRef = C85F279B2871846200D0A4E5 /* BlankTabView.swift */; };
		C85F279E2877DE0C00D0A4E5 /* SearchParameter.swift in Sources */ = {isa = PBXBuildFile; fileRef = C85F279D2877DE0C00D0A4E5 /* SearchParameter.swift */; };
		C85F27A228795A8E00D0A4E5 /* Tip.swift in Sources */ = {isa = PBXBuildFile; fileRef = C85F27A128795A8E00D0A4E5 /* Tip.swift */; };
		C85F27A42879C20400D0A4E5 /* TipModalView.swift in Sources */ = {isa = PBXBuildFile; fileRef = C85F27A32879C20400D0A4E5 /* TipModalView.swift */; };
		C85F27A8287A775E00D0A4E5 /* TipLimit.swift in Sources */ = {isa = PBXBuildFile; fileRef = C85F27A7287A775E00D0A4E5 /* TipLimit.swift */; };
		C868CA0729856F9300724D2D /* TipContentMakerView.swift in Sources */ = {isa = PBXBuildFile; fileRef = C868CA0629856F9300724D2D /* TipContentMakerView.swift */; };
		C868CA09298BB64B00724D2D /* LessonView2.swift in Sources */ = {isa = PBXBuildFile; fileRef = C868CA08298BB64B00724D2D /* LessonView2.swift */; };
		C86F881A2996166E0072504E /* WizardCalculationMode.swift in Sources */ = {isa = PBXBuildFile; fileRef = C86F88192996166E0072504E /* WizardCalculationMode.swift */; };
		C86F881C299A3F390072504E /* Products.storekit in Resources */ = {isa = PBXBuildFile; fileRef = C86F881B299A3F390072504E /* Products.storekit */; };
		C86F881E299A40B80072504E /* StoreKitTestCertificate.cer in Resources */ = {isa = PBXBuildFile; fileRef = C86F881D299A40B80072504E /* StoreKitTestCertificate.cer */; };
		C86F8820299AAE370072504E /* Store.swift in Sources */ = {isa = PBXBuildFile; fileRef = C86F881F299AAE370072504E /* Store.swift */; };
		C86F8822299B8A560072504E /* StoreView.swift in Sources */ = {isa = PBXBuildFile; fileRef = C86F8821299B8A560072504E /* StoreView.swift */; };
		C86F8824299DF34A0072504E /* BuyItemView.swift in Sources */ = {isa = PBXBuildFile; fileRef = C86F8823299DF34A0072504E /* BuyItemView.swift */; };
		C878275328E8675F0007DDC1 /* MyCouseItemview.swift in Sources */ = {isa = PBXBuildFile; fileRef = C878275228E8675F0007DDC1 /* MyCouseItemview.swift */; };
		C878275728E8861C0007DDC1 /* CourseLessonListItemView.swift in Sources */ = {isa = PBXBuildFile; fileRef = C878275628E8861C0007DDC1 /* CourseLessonListItemView.swift */; };
		C878275928E88B8E0007DDC1 /* CourseDownloadButtonView.swift in Sources */ = {isa = PBXBuildFile; fileRef = C878275828E88B8E0007DDC1 /* CourseDownloadButtonView.swift */; };
		C878275C28EF0AA60007DDC1 /* UserDefault.swift in Sources */ = {isa = PBXBuildFile; fileRef = C878275A28EF0AA60007DDC1 /* UserDefault.swift */; };
		C878275E28F1A04E0007DDC1 /* WizardTeacherView.swift in Sources */ = {isa = PBXBuildFile; fileRef = C878275D28F1A04E0007DDC1 /* WizardTeacherView.swift */; };
		C878276028F404320007DDC1 /* WizardInstrumentView.swift in Sources */ = {isa = PBXBuildFile; fileRef = C878275F28F404320007DDC1 /* WizardInstrumentView.swift */; };
		C878276228F4066E0007DDC1 /* WizardPlayableView.swift in Sources */ = {isa = PBXBuildFile; fileRef = C878276128F4066E0007DDC1 /* WizardPlayableView.swift */; };
		C878276628F94D290007DDC1 /* PlayableFeedback.swift in Sources */ = {isa = PBXBuildFile; fileRef = C878276528F94D290007DDC1 /* PlayableFeedback.swift */; };
		C878276828F9B8B90007DDC1 /* DoYouKnowFeedback.swift in Sources */ = {isa = PBXBuildFile; fileRef = C878276728F9B8B90007DDC1 /* DoYouKnowFeedback.swift */; };
		C878276A28FC25030007DDC1 /* WizardResultView.swift in Sources */ = {isa = PBXBuildFile; fileRef = C878276928FC25030007DDC1 /* WizardResultView.swift */; };
		C878276C29044C790007DDC1 /* ListInCourse.swift in Sources */ = {isa = PBXBuildFile; fileRef = C878276B29044C790007DDC1 /* ListInCourse.swift */; };
		C878276E2904F2DA0007DDC1 /* WizardDoYouKnowView.swift in Sources */ = {isa = PBXBuildFile; fileRef = C878276D2904F2DA0007DDC1 /* WizardDoYouKnowView.swift */; };
		C878277129054B380007DDC1 /* WizardCalculator.swift in Sources */ = {isa = PBXBuildFile; fileRef = C878277029054B380007DDC1 /* WizardCalculator.swift */; };
		C8782773290586590007DDC1 /* WizardExperienceView.swift in Sources */ = {isa = PBXBuildFile; fileRef = C8782772290586590007DDC1 /* WizardExperienceView.swift */; };
		C878277B291670780007DDC1 /* ExperienceFeedback.swift in Sources */ = {isa = PBXBuildFile; fileRef = C878277A291670780007DDC1 /* ExperienceFeedback.swift */; };
		C87CF11F296FE84600CDA215 /* WizardLessonSearched.swift in Sources */ = {isa = PBXBuildFile; fileRef = C87CF11E296FE84600CDA215 /* WizardLessonSearched.swift */; };
		C87CF1242978365400CDA215 /* BackgroundTransparentView.swift in Sources */ = {isa = PBXBuildFile; fileRef = C87CF1232978365400CDA215 /* BackgroundTransparentView.swift */; };
		C87CF1262979399B00CDA215 /* TipTransparentModalView.swift in Sources */ = {isa = PBXBuildFile; fileRef = C87CF1252979399B00CDA215 /* TipTransparentModalView.swift */; };
		C87CF12A297B969200CDA215 /* WizardResultPathView.swift in Sources */ = {isa = PBXBuildFile; fileRef = C87CF129297B969200CDA215 /* WizardResultPathView.swift */; };
		C87CF12C297C42A700CDA215 /* WizardLearningPathItem.swift in Sources */ = {isa = PBXBuildFile; fileRef = C87CF12B297C42A700CDA215 /* WizardLearningPathItem.swift */; };
		C87CF12E297C487A00CDA215 /* WizardResult.swift in Sources */ = {isa = PBXBuildFile; fileRef = C87CF12D297C487A00CDA215 /* WizardResult.swift */; };
		C87CF130297C4C9F00CDA215 /* WizardCalculatorHelper.swift in Sources */ = {isa = PBXBuildFile; fileRef = C87CF12F297C4C9F00CDA215 /* WizardCalculatorHelper.swift */; };
		C897D4C629A76BC700A21603 /* StatusInfoView.swift in Sources */ = {isa = PBXBuildFile; fileRef = C897D4C529A76BC700A21603 /* StatusInfoView.swift */; };
		C897D4C929AEEF9C00A21603 /* RoundedCornerShape.swift in Sources */ = {isa = PBXBuildFile; fileRef = C897D4C829AEEF9C00A21603 /* RoundedCornerShape.swift */; };
		C897D4CB29B03F2F00A21603 /* Carousel.swift in Sources */ = {isa = PBXBuildFile; fileRef = C897D4CA29B03F2F00A21603 /* Carousel.swift */; };
		C8A651F42A66DF69009A3500 /* CouponState.swift in Sources */ = {isa = PBXBuildFile; fileRef = C8A651F32A66DF69009A3500 /* CouponState.swift */; };
		C8A651F62A6E8765009A3500 /* UsageActions.swift in Sources */ = {isa = PBXBuildFile; fileRef = C8A651F52A6E8765009A3500 /* UsageActions.swift */; };
		C8A651F82A7636D0009A3500 /* CourseTipContent.swift in Sources */ = {isa = PBXBuildFile; fileRef = C8A651F72A7636D0009A3500 /* CourseTipContent.swift */; };
		C8A651FB2A76901E009A3500 /* DIY_Notestannd_HD.mp4 in Resources */ = {isa = PBXBuildFile; fileRef = C8A651FA2A76901E009A3500 /* DIY_Notestannd_HD.mp4 */; };
		C8A651FF2A76DDB9009A3500 /* VideoClipLoopView.swift in Sources */ = {isa = PBXBuildFile; fileRef = C8A651FE2A76DDB9009A3500 /* VideoClipLoopView.swift */; };
		C8A652022A76E3F7009A3500 /* Ricardo_Notestand_TapA_UltraHD.mp4 in Resources */ = {isa = PBXBuildFile; fileRef = C8A652002A76E3F7009A3500 /* Ricardo_Notestand_TapA_UltraHD.mp4 */; };
		C8A652032A76E3F7009A3500 /* Esin_Notestand_TapA_UltraHD.mp4 in Resources */ = {isa = PBXBuildFile; fileRef = C8A652012A76E3F7009A3500 /* Esin_Notestand_TapA_UltraHD.mp4 */; };
		C8A652062A77829B009A3500 /* Esin_Headset_UltraHD.mp4 in Resources */ = {isa = PBXBuildFile; fileRef = C8A652042A77829B009A3500 /* Esin_Headset_UltraHD.mp4 */; };
		C8A652092A778A22009A3500 /* Ricardo_Headset_UltraHD_720.mp4 in Resources */ = {isa = PBXBuildFile; fileRef = C8A652082A778A22009A3500 /* Ricardo_Headset_UltraHD_720.mp4 */; };
		C8A6520B2A77F68F009A3500 /* VideoLoopView.swift in Sources */ = {isa = PBXBuildFile; fileRef = C8A6520A2A77F68F009A3500 /* VideoLoopView.swift */; };
		C8A6520E2A7828DE009A3500 /* Esin_Violin_Full_Body_UltraHD.mp4 in Resources */ = {isa = PBXBuildFile; fileRef = C8A6520C2A7828DE009A3500 /* Esin_Violin_Full_Body_UltraHD.mp4 */; };
		C8A6520F2A7828DE009A3500 /* Ricardo_Guitar_Full_Body_HD.mp4 in Resources */ = {isa = PBXBuildFile; fileRef = C8A6520D2A7828DE009A3500 /* Ricardo_Guitar_Full_Body_HD.mp4 */; };
		C8CA57A42936F8D90097AE07 /* WizardPicked.swift in Sources */ = {isa = PBXBuildFile; fileRef = C8CA57A32936F8D90097AE07 /* WizardPicked.swift */; };
		C8DD45F629EAB43B0096CA41 /* scorewind_ios_xml.zip in Resources */ = {isa = PBXBuildFile; fileRef = C8DD45F529EAB43B0096CA41 /* scorewind_ios_xml.zip */; };
		C8E063F028B0E20E000B3D67 /* MyCourse.swift in Sources */ = {isa = PBXBuildFile; fileRef = C8E063EF28B0E20E000B3D67 /* MyCourse.swift */; };
/* End PBXBuildFile section */

/* Begin PBXContainerItemProxy section */
		C85F2737286F4C2C00D0A4E5 /* PBXContainerItemProxy */ = {
			isa = PBXContainerItemProxy;
			containerPortal = C85F271E286F4C2B00D0A4E5 /* Project object */;
			proxyType = 1;
			remoteGlobalIDString = C85F2725286F4C2B00D0A4E5;
			remoteInfo = ScoreWind;
		};
		C85F2741286F4C2C00D0A4E5 /* PBXContainerItemProxy */ = {
			isa = PBXContainerItemProxy;
			containerPortal = C85F271E286F4C2B00D0A4E5 /* Project object */;
			proxyType = 1;
			remoteGlobalIDString = C85F2725286F4C2B00D0A4E5;
			remoteInfo = ScoreWind;
		};
/* End PBXContainerItemProxy section */

/* Begin PBXFileReference section */
		2309B4974A408AB06BC55CA1 /* Pods-ScoreWind.release.xcconfig */ = {isa = PBXFileReference; includeInIndex = 1; lastKnownFileType = text.xcconfig; name = "Pods-ScoreWind.release.xcconfig"; path = "Target Support Files/Pods-ScoreWind/Pods-ScoreWind.release.xcconfig"; sourceTree = "<group>"; };
		3D113D4259B7C54A870B53F8 /* Pods-ScoreWindTests.release.xcconfig */ = {isa = PBXFileReference; includeInIndex = 1; lastKnownFileType = text.xcconfig; name = "Pods-ScoreWindTests.release.xcconfig"; path = "Target Support Files/Pods-ScoreWindTests/Pods-ScoreWindTests.release.xcconfig"; sourceTree = "<group>"; };
		5019C0DCB3C67F469026BFEA /* Pods-ScoreWind.debug.xcconfig */ = {isa = PBXFileReference; includeInIndex = 1; lastKnownFileType = text.xcconfig; name = "Pods-ScoreWind.debug.xcconfig"; path = "Target Support Files/Pods-ScoreWind/Pods-ScoreWind.debug.xcconfig"; sourceTree = "<group>"; };
		87352E67846310649E0B1D07 /* Pods_ScoreWindTests.framework */ = {isa = PBXFileReference; explicitFileType = wrapper.framework; includeInIndex = 0; path = Pods_ScoreWindTests.framework; sourceTree = BUILT_PRODUCTS_DIR; };
		C810183829D2FB7400B54AFD /* DownloadSpinnerView.swift */ = {isa = PBXFileReference; lastKnownFileType = sourcecode.swift; path = DownloadSpinnerView.swift; sourceTree = "<group>"; };
		C821817E29BEC68800F8180E /* Orientation.swift */ = {isa = PBXFileReference; lastKnownFileType = sourcecode.swift; path = Orientation.swift; sourceTree = "<group>"; };
		C8285E3C2A25033600D4D917 /* BuyButtonView.swift */ = {isa = PBXFileReference; lastKnownFileType = sourcecode.swift; path = BuyButtonView.swift; sourceTree = "<group>"; };
		C8285E3E2A289A7400D4D917 /* AbouSupportView.swift */ = {isa = PBXFileReference; lastKnownFileType = sourcecode.swift; path = AbouSupportView.swift; sourceTree = "<group>"; };
		C85F2726286F4C2B00D0A4E5 /* ScoreWind.app */ = {isa = PBXFileReference; explicitFileType = wrapper.application; includeInIndex = 0; path = ScoreWind.app; sourceTree = BUILT_PRODUCTS_DIR; };
		C85F2729286F4C2B00D0A4E5 /* ScoreWindApp.swift */ = {isa = PBXFileReference; lastKnownFileType = sourcecode.swift; path = ScoreWindApp.swift; sourceTree = "<group>"; };
		C85F272D286F4C2C00D0A4E5 /* Assets.xcassets */ = {isa = PBXFileReference; lastKnownFileType = folder.assetcatalog; path = Assets.xcassets; sourceTree = "<group>"; };
		C85F2730286F4C2C00D0A4E5 /* Preview Assets.xcassets */ = {isa = PBXFileReference; lastKnownFileType = folder.assetcatalog; path = "Preview Assets.xcassets"; sourceTree = "<group>"; };
		C85F2736286F4C2C00D0A4E5 /* ScoreWindTests.xctest */ = {isa = PBXFileReference; explicitFileType = wrapper.cfbundle; includeInIndex = 0; path = ScoreWindTests.xctest; sourceTree = BUILT_PRODUCTS_DIR; };
		C85F273A286F4C2C00D0A4E5 /* ScoreWindTests.swift */ = {isa = PBXFileReference; lastKnownFileType = sourcecode.swift; path = ScoreWindTests.swift; sourceTree = "<group>"; };
		C85F2740286F4C2C00D0A4E5 /* ScoreWindUITests.xctest */ = {isa = PBXFileReference; explicitFileType = wrapper.cfbundle; includeInIndex = 0; path = ScoreWindUITests.xctest; sourceTree = BUILT_PRODUCTS_DIR; };
		C85F2744286F4C2C00D0A4E5 /* ScoreWindUITests.swift */ = {isa = PBXFileReference; lastKnownFileType = sourcecode.swift; path = ScoreWindUITests.swift; sourceTree = "<group>"; };
		C85F2746286F4C2C00D0A4E5 /* ScoreWindUITestsLaunchTests.swift */ = {isa = PBXFileReference; lastKnownFileType = sourcecode.swift; path = ScoreWindUITestsLaunchTests.swift; sourceTree = "<group>"; };
		C85F2753286F4CF200D0A4E5 /* ScoreWind.entitlements */ = {isa = PBXFileReference; lastKnownFileType = text.plist.entitlements; path = ScoreWind.entitlements; sourceTree = "<group>"; };
		C85F2754286F4E4B00D0A4E5 /* LaunchScreen.storyboard */ = {isa = PBXFileReference; fileEncoding = 4; lastKnownFileType = file.storyboard; path = LaunchScreen.storyboard; sourceTree = "<group>"; };
		C85F2758286F4EEE00D0A4E5 /* data_version.json */ = {isa = PBXFileReference; fileEncoding = 4; lastKnownFileType = text.json; path = data_version.json; sourceTree = "<group>"; };
		C85F275A286F4EF900D0A4E5 /* www */ = {isa = PBXFileReference; lastKnownFileType = folder; path = www; sourceTree = "<group>"; };
		C85F275E286F4F2E00D0A4E5 /* CourseView.swift */ = {isa = PBXFileReference; fileEncoding = 4; lastKnownFileType = sourcecode.swift; path = CourseView.swift; sourceTree = "<group>"; };
		C85F275F286F4F2E00D0A4E5 /* HomeView.swift */ = {isa = PBXFileReference; fileEncoding = 4; lastKnownFileType = sourcecode.swift; path = HomeView.swift; sourceTree = "<group>"; };
		C85F2760286F4F2E00D0A4E5 /* MyCoursesView.swift */ = {isa = PBXFileReference; fileEncoding = 4; lastKnownFileType = sourcecode.swift; path = MyCoursesView.swift; sourceTree = "<group>"; };
		C85F2761286F4F2E00D0A4E5 /* LessonScoreView.swift */ = {isa = PBXFileReference; fileEncoding = 4; lastKnownFileType = sourcecode.swift; path = LessonScoreView.swift; sourceTree = "<group>"; };
		C85F2763286F4F2E00D0A4E5 /* ScorewindTimestamp.swift */ = {isa = PBXFileReference; fileEncoding = 4; lastKnownFileType = sourcecode.swift; path = ScorewindTimestamp.swift; sourceTree = "<group>"; };
		C85F2764286F4F2E00D0A4E5 /* ViewModel.swift */ = {isa = PBXFileReference; fileEncoding = 4; lastKnownFileType = sourcecode.swift; path = ViewModel.swift; sourceTree = "<group>"; };
		C85F2765286F4F2E00D0A4E5 /* WebView.swift */ = {isa = PBXFileReference; fileEncoding = 4; lastKnownFileType = sourcecode.swift; path = WebView.swift; sourceTree = "<group>"; };
		C85F2766286F4F2E00D0A4E5 /* ScorewindCourse.swift */ = {isa = PBXFileReference; fileEncoding = 4; lastKnownFileType = sourcecode.swift; path = ScorewindCourse.swift; sourceTree = "<group>"; };
		C85F2767286F4F2E00D0A4E5 /* HTMLString.swift */ = {isa = PBXFileReference; fileEncoding = 4; lastKnownFileType = sourcecode.swift; path = HTMLString.swift; sourceTree = "<group>"; };
		C85F2768286F4F2E00D0A4E5 /* ScorewindData.swift */ = {isa = PBXFileReference; fileEncoding = 4; lastKnownFileType = sourcecode.swift; path = ScorewindData.swift; sourceTree = "<group>"; };
		C85F2769286F4F2E00D0A4E5 /* StudentData.swift */ = {isa = PBXFileReference; fileEncoding = 4; lastKnownFileType = sourcecode.swift; path = StudentData.swift; sourceTree = "<group>"; };
		C85F276A286F4F2E00D0A4E5 /* LessonSheetView.swift */ = {isa = PBXFileReference; fileEncoding = 4; lastKnownFileType = sourcecode.swift; path = LessonSheetView.swift; sourceTree = "<group>"; };
		C85F276B286F4F2E00D0A4E5 /* LessonTextView.swift */ = {isa = PBXFileReference; fileEncoding = 4; lastKnownFileType = sourcecode.swift; path = LessonTextView.swift; sourceTree = "<group>"; };
		C85F276C286F4F2E00D0A4E5 /* DownloadItem.swift */ = {isa = PBXFileReference; fileEncoding = 4; lastKnownFileType = sourcecode.swift; path = DownloadItem.swift; sourceTree = "<group>"; };
		C85F276D286F4F2E00D0A4E5 /* MyTheme.swift */ = {isa = PBXFileReference; fileEncoding = 4; lastKnownFileType = sourcecode.swift; path = MyTheme.swift; sourceTree = "<group>"; };
		C85F276E286F4F2E00D0A4E5 /* LessonView.swift */ = {isa = PBXFileReference; fileEncoding = 4; lastKnownFileType = sourcecode.swift; path = LessonView.swift; sourceTree = "<group>"; };
		C85F276F286F4F2E00D0A4E5 /* FileManager.swift */ = {isa = PBXFileReference; fileEncoding = 4; lastKnownFileType = sourcecode.swift; path = FileManager.swift; sourceTree = "<group>"; };
		C85F2770286F4F2E00D0A4E5 /* DownloadManager.swift */ = {isa = PBXFileReference; fileEncoding = 4; lastKnownFileType = sourcecode.swift; path = DownloadManager.swift; sourceTree = "<group>"; };
		C85F2771286F4F2E00D0A4E5 /* WizardView.swift */ = {isa = PBXFileReference; fileEncoding = 4; lastKnownFileType = sourcecode.swift; path = WizardView.swift; sourceTree = "<group>"; };
		C85F278E286F59BC00D0A4E5 /* Page.swift */ = {isa = PBXFileReference; fileEncoding = 4; lastKnownFileType = sourcecode.swift; path = Page.swift; sourceTree = "<group>"; };
		C85F2790286F59BC00D0A4E5 /* CourseType.swift */ = {isa = PBXFileReference; fileEncoding = 4; lastKnownFileType = sourcecode.swift; path = CourseType.swift; sourceTree = "<group>"; };
		C85F2791286F59BC00D0A4E5 /* InstrumentType.swift */ = {isa = PBXFileReference; fileEncoding = 4; lastKnownFileType = sourcecode.swift; path = InstrumentType.swift; sourceTree = "<group>"; };
		C85F2792286F59BC00D0A4E5 /* DownloadStatus.swift */ = {isa = PBXFileReference; fileEncoding = 4; lastKnownFileType = sourcecode.swift; path = DownloadStatus.swift; sourceTree = "<group>"; };
		C85F2799286F5B1C00D0A4E5 /* iCloudKeyValue.swift */ = {isa = PBXFileReference; lastKnownFileType = sourcecode.swift; path = iCloudKeyValue.swift; sourceTree = "<group>"; };
		C85F279B2871846200D0A4E5 /* BlankTabView.swift */ = {isa = PBXFileReference; lastKnownFileType = sourcecode.swift; path = BlankTabView.swift; sourceTree = "<group>"; };
		C85F279D2877DE0C00D0A4E5 /* SearchParameter.swift */ = {isa = PBXFileReference; lastKnownFileType = sourcecode.swift; path = SearchParameter.swift; sourceTree = "<group>"; };
		C85F27A128795A8E00D0A4E5 /* Tip.swift */ = {isa = PBXFileReference; lastKnownFileType = sourcecode.swift; path = Tip.swift; sourceTree = "<group>"; };
		C85F27A32879C20400D0A4E5 /* TipModalView.swift */ = {isa = PBXFileReference; lastKnownFileType = sourcecode.swift; path = TipModalView.swift; sourceTree = "<group>"; };
		C85F27A7287A775E00D0A4E5 /* TipLimit.swift */ = {isa = PBXFileReference; lastKnownFileType = sourcecode.swift; path = TipLimit.swift; sourceTree = "<group>"; };
		C85F27A9287A7C9C00D0A4E5 /* Info.plist */ = {isa = PBXFileReference; lastKnownFileType = text.plist; path = Info.plist; sourceTree = "<group>"; };
		C868CA0629856F9300724D2D /* TipContentMakerView.swift */ = {isa = PBXFileReference; lastKnownFileType = sourcecode.swift; path = TipContentMakerView.swift; sourceTree = "<group>"; };
		C868CA08298BB64B00724D2D /* LessonView2.swift */ = {isa = PBXFileReference; lastKnownFileType = sourcecode.swift; path = LessonView2.swift; sourceTree = "<group>"; };
		C86F88192996166E0072504E /* WizardCalculationMode.swift */ = {isa = PBXFileReference; lastKnownFileType = sourcecode.swift; path = WizardCalculationMode.swift; sourceTree = "<group>"; };
		C86F881B299A3F390072504E /* Products.storekit */ = {isa = PBXFileReference; lastKnownFileType = text; path = Products.storekit; sourceTree = "<group>"; };
		C86F881D299A40B80072504E /* StoreKitTestCertificate.cer */ = {isa = PBXFileReference; lastKnownFileType = file; path = StoreKitTestCertificate.cer; sourceTree = "<group>"; };
		C86F881F299AAE370072504E /* Store.swift */ = {isa = PBXFileReference; lastKnownFileType = sourcecode.swift; path = Store.swift; sourceTree = "<group>"; };
		C86F8821299B8A560072504E /* StoreView.swift */ = {isa = PBXFileReference; lastKnownFileType = sourcecode.swift; path = StoreView.swift; sourceTree = "<group>"; };
		C86F8823299DF34A0072504E /* BuyItemView.swift */ = {isa = PBXFileReference; lastKnownFileType = sourcecode.swift; path = BuyItemView.swift; sourceTree = "<group>"; };
		C878275228E8675F0007DDC1 /* MyCouseItemview.swift */ = {isa = PBXFileReference; lastKnownFileType = sourcecode.swift; path = MyCouseItemview.swift; sourceTree = "<group>"; };
		C878275628E8861C0007DDC1 /* CourseLessonListItemView.swift */ = {isa = PBXFileReference; lastKnownFileType = sourcecode.swift; path = CourseLessonListItemView.swift; sourceTree = "<group>"; };
		C878275828E88B8E0007DDC1 /* CourseDownloadButtonView.swift */ = {isa = PBXFileReference; lastKnownFileType = sourcecode.swift; path = CourseDownloadButtonView.swift; sourceTree = "<group>"; };
		C878275A28EF0AA60007DDC1 /* UserDefault.swift */ = {isa = PBXFileReference; lastKnownFileType = sourcecode.swift; path = UserDefault.swift; sourceTree = "<group>"; };
		C878275D28F1A04E0007DDC1 /* WizardTeacherView.swift */ = {isa = PBXFileReference; lastKnownFileType = sourcecode.swift; path = WizardTeacherView.swift; sourceTree = "<group>"; };
		C878275F28F404320007DDC1 /* WizardInstrumentView.swift */ = {isa = PBXFileReference; lastKnownFileType = sourcecode.swift; path = WizardInstrumentView.swift; sourceTree = "<group>"; };
		C878276128F4066E0007DDC1 /* WizardPlayableView.swift */ = {isa = PBXFileReference; lastKnownFileType = sourcecode.swift; path = WizardPlayableView.swift; sourceTree = "<group>"; };
		C878276528F94D290007DDC1 /* PlayableFeedback.swift */ = {isa = PBXFileReference; lastKnownFileType = sourcecode.swift; path = PlayableFeedback.swift; sourceTree = "<group>"; };
		C878276728F9B8B90007DDC1 /* DoYouKnowFeedback.swift */ = {isa = PBXFileReference; lastKnownFileType = sourcecode.swift; path = DoYouKnowFeedback.swift; sourceTree = "<group>"; };
		C878276928FC25030007DDC1 /* WizardResultView.swift */ = {isa = PBXFileReference; lastKnownFileType = sourcecode.swift; path = WizardResultView.swift; sourceTree = "<group>"; };
		C878276B29044C790007DDC1 /* ListInCourse.swift */ = {isa = PBXFileReference; lastKnownFileType = sourcecode.swift; path = ListInCourse.swift; sourceTree = "<group>"; };
		C878276D2904F2DA0007DDC1 /* WizardDoYouKnowView.swift */ = {isa = PBXFileReference; lastKnownFileType = sourcecode.swift; path = WizardDoYouKnowView.swift; sourceTree = "<group>"; };
		C878277029054B380007DDC1 /* WizardCalculator.swift */ = {isa = PBXFileReference; lastKnownFileType = sourcecode.swift; path = WizardCalculator.swift; sourceTree = "<group>"; };
		C8782772290586590007DDC1 /* WizardExperienceView.swift */ = {isa = PBXFileReference; lastKnownFileType = sourcecode.swift; path = WizardExperienceView.swift; sourceTree = "<group>"; };
		C878277A291670780007DDC1 /* ExperienceFeedback.swift */ = {isa = PBXFileReference; lastKnownFileType = sourcecode.swift; path = ExperienceFeedback.swift; sourceTree = "<group>"; };
		C87CF11E296FE84600CDA215 /* WizardLessonSearched.swift */ = {isa = PBXFileReference; lastKnownFileType = sourcecode.swift; path = WizardLessonSearched.swift; sourceTree = "<group>"; };
		C87CF1232978365400CDA215 /* BackgroundTransparentView.swift */ = {isa = PBXFileReference; lastKnownFileType = sourcecode.swift; path = BackgroundTransparentView.swift; sourceTree = "<group>"; };
		C87CF1252979399B00CDA215 /* TipTransparentModalView.swift */ = {isa = PBXFileReference; lastKnownFileType = sourcecode.swift; path = TipTransparentModalView.swift; sourceTree = "<group>"; };
		C87CF129297B969200CDA215 /* WizardResultPathView.swift */ = {isa = PBXFileReference; lastKnownFileType = sourcecode.swift; path = WizardResultPathView.swift; sourceTree = "<group>"; };
		C87CF12B297C42A700CDA215 /* WizardLearningPathItem.swift */ = {isa = PBXFileReference; lastKnownFileType = sourcecode.swift; path = WizardLearningPathItem.swift; sourceTree = "<group>"; };
		C87CF12D297C487A00CDA215 /* WizardResult.swift */ = {isa = PBXFileReference; lastKnownFileType = sourcecode.swift; path = WizardResult.swift; sourceTree = "<group>"; };
		C87CF12F297C4C9F00CDA215 /* WizardCalculatorHelper.swift */ = {isa = PBXFileReference; lastKnownFileType = sourcecode.swift; path = WizardCalculatorHelper.swift; sourceTree = "<group>"; };
		C897D4C529A76BC700A21603 /* StatusInfoView.swift */ = {isa = PBXFileReference; lastKnownFileType = sourcecode.swift; path = StatusInfoView.swift; sourceTree = "<group>"; };
		C897D4C829AEEF9C00A21603 /* RoundedCornerShape.swift */ = {isa = PBXFileReference; lastKnownFileType = sourcecode.swift; path = RoundedCornerShape.swift; sourceTree = "<group>"; };
		C897D4CA29B03F2F00A21603 /* Carousel.swift */ = {isa = PBXFileReference; lastKnownFileType = sourcecode.swift; path = Carousel.swift; sourceTree = "<group>"; };
		C8A651F32A66DF69009A3500 /* CouponState.swift */ = {isa = PBXFileReference; lastKnownFileType = sourcecode.swift; path = CouponState.swift; sourceTree = "<group>"; };
		C8A651F52A6E8765009A3500 /* UsageActions.swift */ = {isa = PBXFileReference; lastKnownFileType = sourcecode.swift; path = UsageActions.swift; sourceTree = "<group>"; };
		C8A651F72A7636D0009A3500 /* CourseTipContent.swift */ = {isa = PBXFileReference; lastKnownFileType = sourcecode.swift; path = CourseTipContent.swift; sourceTree = "<group>"; };
		C8A651FA2A76901E009A3500 /* DIY_Notestannd_HD.mp4 */ = {isa = PBXFileReference; lastKnownFileType = file; path = DIY_Notestannd_HD.mp4; sourceTree = "<group>"; };
		C8A651FE2A76DDB9009A3500 /* VideoClipLoopView.swift */ = {isa = PBXFileReference; lastKnownFileType = sourcecode.swift; path = VideoClipLoopView.swift; sourceTree = "<group>"; };
		C8A652002A76E3F7009A3500 /* Ricardo_Notestand_TapA_UltraHD.mp4 */ = {isa = PBXFileReference; lastKnownFileType = file; path = Ricardo_Notestand_TapA_UltraHD.mp4; sourceTree = "<group>"; };
		C8A652012A76E3F7009A3500 /* Esin_Notestand_TapA_UltraHD.mp4 */ = {isa = PBXFileReference; lastKnownFileType = file; path = Esin_Notestand_TapA_UltraHD.mp4; sourceTree = "<group>"; };
		C8A652042A77829B009A3500 /* Esin_Headset_UltraHD.mp4 */ = {isa = PBXFileReference; lastKnownFileType = file; path = Esin_Headset_UltraHD.mp4; sourceTree = "<group>"; };
		C8A652082A778A22009A3500 /* Ricardo_Headset_UltraHD_720.mp4 */ = {isa = PBXFileReference; lastKnownFileType = file; path = Ricardo_Headset_UltraHD_720.mp4; sourceTree = "<group>"; };
		C8A6520A2A77F68F009A3500 /* VideoLoopView.swift */ = {isa = PBXFileReference; lastKnownFileType = sourcecode.swift; path = VideoLoopView.swift; sourceTree = "<group>"; };
		C8A6520C2A7828DE009A3500 /* Esin_Violin_Full_Body_UltraHD.mp4 */ = {isa = PBXFileReference; lastKnownFileType = file; path = Esin_Violin_Full_Body_UltraHD.mp4; sourceTree = "<group>"; };
		C8A6520D2A7828DE009A3500 /* Ricardo_Guitar_Full_Body_HD.mp4 */ = {isa = PBXFileReference; lastKnownFileType = file; path = Ricardo_Guitar_Full_Body_HD.mp4; sourceTree = "<group>"; };
		C8CA57A32936F8D90097AE07 /* WizardPicked.swift */ = {isa = PBXFileReference; lastKnownFileType = sourcecode.swift; path = WizardPicked.swift; sourceTree = "<group>"; };
		C8DD45F529EAB43B0096CA41 /* scorewind_ios_xml.zip */ = {isa = PBXFileReference; lastKnownFileType = archive.zip; path = scorewind_ios_xml.zip; sourceTree = "<group>"; };
		C8E063EF28B0E20E000B3D67 /* MyCourse.swift */ = {isa = PBXFileReference; lastKnownFileType = sourcecode.swift; path = MyCourse.swift; sourceTree = "<group>"; };
		F3441470A2546CDD3AD7E6C9 /* Pods_ScoreWind.framework */ = {isa = PBXFileReference; explicitFileType = wrapper.framework; includeInIndex = 0; path = Pods_ScoreWind.framework; sourceTree = BUILT_PRODUCTS_DIR; };
		F5B8EA121B65003489B73002 /* Pods-ScoreWindTests.debug.xcconfig */ = {isa = PBXFileReference; includeInIndex = 1; lastKnownFileType = text.xcconfig; name = "Pods-ScoreWindTests.debug.xcconfig"; path = "Target Support Files/Pods-ScoreWindTests/Pods-ScoreWindTests.debug.xcconfig"; sourceTree = "<group>"; };
/* End PBXFileReference section */

/* Begin PBXFrameworksBuildPhase section */
		C85F2723286F4C2B00D0A4E5 /* Frameworks */ = {
			isa = PBXFrameworksBuildPhase;
			buildActionMask = 2147483647;
			files = (
				920D483E5E05884202824DE3 /* Pods_ScoreWind.framework in Frameworks */,
			);
			runOnlyForDeploymentPostprocessing = 0;
		};
		C85F2733286F4C2C00D0A4E5 /* Frameworks */ = {
			isa = PBXFrameworksBuildPhase;
			buildActionMask = 2147483647;
			files = (
				B54FC1429AC896AD280E77F4 /* Pods_ScoreWindTests.framework in Frameworks */,
			);
			runOnlyForDeploymentPostprocessing = 0;
		};
		C85F273D286F4C2C00D0A4E5 /* Frameworks */ = {
			isa = PBXFrameworksBuildPhase;
			buildActionMask = 2147483647;
			files = (
			);
			runOnlyForDeploymentPostprocessing = 0;
		};
/* End PBXFrameworksBuildPhase section */

/* Begin PBXGroup section */
		707F046D7345C80B759C1E27 /* Frameworks */ = {
			isa = PBXGroup;
			children = (
				F3441470A2546CDD3AD7E6C9 /* Pods_ScoreWind.framework */,
				87352E67846310649E0B1D07 /* Pods_ScoreWindTests.framework */,
			);
			name = Frameworks;
			sourceTree = "<group>";
		};
		C5F7224750A82F2E53334E49 /* Pods */ = {
			isa = PBXGroup;
			children = (
				5019C0DCB3C67F469026BFEA /* Pods-ScoreWind.debug.xcconfig */,
				2309B4974A408AB06BC55CA1 /* Pods-ScoreWind.release.xcconfig */,
				F5B8EA121B65003489B73002 /* Pods-ScoreWindTests.debug.xcconfig */,
				3D113D4259B7C54A870B53F8 /* Pods-ScoreWindTests.release.xcconfig */,
			);
			path = Pods;
			sourceTree = "<group>";
		};
		C85F271D286F4C2B00D0A4E5 = {
			isa = PBXGroup;
			children = (
				C86F881B299A3F390072504E /* Products.storekit */,
				C86F881D299A40B80072504E /* StoreKitTestCertificate.cer */,
				C85F2754286F4E4B00D0A4E5 /* LaunchScreen.storyboard */,
				C85F2728286F4C2B00D0A4E5 /* ScoreWind */,
				C85F2739286F4C2C00D0A4E5 /* ScoreWindTests */,
				C85F2743286F4C2C00D0A4E5 /* ScoreWindUITests */,
				C85F2727286F4C2B00D0A4E5 /* Products */,
				C5F7224750A82F2E53334E49 /* Pods */,
				707F046D7345C80B759C1E27 /* Frameworks */,
			);
			sourceTree = "<group>";
		};
		C85F2727286F4C2B00D0A4E5 /* Products */ = {
			isa = PBXGroup;
			children = (
				C85F2726286F4C2B00D0A4E5 /* ScoreWind.app */,
				C85F2736286F4C2C00D0A4E5 /* ScoreWindTests.xctest */,
				C85F2740286F4C2C00D0A4E5 /* ScoreWindUITests.xctest */,
			);
			name = Products;
			sourceTree = "<group>";
		};
		C85F2728286F4C2B00D0A4E5 /* ScoreWind */ = {
			isa = PBXGroup;
			children = (
				C8A651F92A768FDB009A3500 /* materials */,
				C85F275A286F4EF900D0A4E5 /* www */,
				C85F2753286F4CF200D0A4E5 /* ScoreWind.entitlements */,
				C85F2758286F4EEE00D0A4E5 /* data_version.json */,
				C85F27A9287A7C9C00D0A4E5 /* Info.plist */,
				C8285E3E2A289A7400D4D917 /* AbouSupportView.swift */,
				C87CF1232978365400CDA215 /* BackgroundTransparentView.swift */,
				C85F279B2871846200D0A4E5 /* BlankTabView.swift */,
				C8285E3C2A25033600D4D917 /* BuyButtonView.swift */,
				C86F8823299DF34A0072504E /* BuyItemView.swift */,
				C897D4CA29B03F2F00A21603 /* Carousel.swift */,
				C878275828E88B8E0007DDC1 /* CourseDownloadButtonView.swift */,
				C878275628E8861C0007DDC1 /* CourseLessonListItemView.swift */,
				C85F275E286F4F2E00D0A4E5 /* CourseView.swift */,
				C810183829D2FB7400B54AFD /* DownloadSpinnerView.swift */,
				C85F275F286F4F2E00D0A4E5 /* HomeView.swift */,
				C85F2767286F4F2E00D0A4E5 /* HTMLString.swift */,
				C85F2761286F4F2E00D0A4E5 /* LessonScoreView.swift */,
				C85F276A286F4F2E00D0A4E5 /* LessonSheetView.swift */,
				C85F276B286F4F2E00D0A4E5 /* LessonTextView.swift */,
				C85F276E286F4F2E00D0A4E5 /* LessonView.swift */,
				C868CA08298BB64B00724D2D /* LessonView2.swift */,
				C85F2760286F4F2E00D0A4E5 /* MyCoursesView.swift */,
				C878275228E8675F0007DDC1 /* MyCouseItemview.swift */,
				C85F276D286F4F2E00D0A4E5 /* MyTheme.swift */,
				C85F2729286F4C2B00D0A4E5 /* ScoreWindApp.swift */,
				C897D4C529A76BC700A21603 /* StatusInfoView.swift */,
				C86F8821299B8A560072504E /* StoreView.swift */,
				C868CA0629856F9300724D2D /* TipContentMakerView.swift */,
				C85F27A32879C20400D0A4E5 /* TipModalView.swift */,
				C87CF1252979399B00CDA215 /* TipTransparentModalView.swift */,
				C85F2765286F4F2E00D0A4E5 /* WebView.swift */,
				C878276D2904F2DA0007DDC1 /* WizardDoYouKnowView.swift */,
				C8782772290586590007DDC1 /* WizardExperienceView.swift */,
				C878275F28F404320007DDC1 /* WizardInstrumentView.swift */,
				C878276128F4066E0007DDC1 /* WizardPlayableView.swift */,
				C87CF129297B969200CDA215 /* WizardResultPathView.swift */,
				C878276928FC25030007DDC1 /* WizardResultView.swift */,
				C878275D28F1A04E0007DDC1 /* WizardTeacherView.swift */,
				C85F2771286F4F2E00D0A4E5 /* WizardView.swift */,
				C85F272D286F4C2C00D0A4E5 /* Assets.xcassets */,
				C8DD45F529EAB43B0096CA41 /* scorewind_ios_xml.zip */,
				C8E063EA28AE06B7000B3D67 /* DataModel */,
				C878276F290511430007DDC1 /* Models */,
				C85F272F286F4C2C00D0A4E5 /* Preview Content */,
				C897D4C729AEEF6B00A21603 /* Styles */,
				C85F2798286F5A4E00D0A4E5 /* Types */,
				C8A651F72A7636D0009A3500 /* CourseTipContent.swift */,
				C8A651FE2A76DDB9009A3500 /* VideoClipLoopView.swift */,
				C8A6520A2A77F68F009A3500 /* VideoLoopView.swift */,
			);
			path = ScoreWind;
			sourceTree = "<group>";
		};
		C85F272F286F4C2C00D0A4E5 /* Preview Content */ = {
			isa = PBXGroup;
			children = (
				C85F2730286F4C2C00D0A4E5 /* Preview Assets.xcassets */,
			);
			path = "Preview Content";
			sourceTree = "<group>";
		};
		C85F2739286F4C2C00D0A4E5 /* ScoreWindTests */ = {
			isa = PBXGroup;
			children = (
				C85F273A286F4C2C00D0A4E5 /* ScoreWindTests.swift */,
				C85F2799286F5B1C00D0A4E5 /* iCloudKeyValue.swift */,
				C878275A28EF0AA60007DDC1 /* UserDefault.swift */,
			);
			path = ScoreWindTests;
			sourceTree = "<group>";
		};
		C85F2743286F4C2C00D0A4E5 /* ScoreWindUITests */ = {
			isa = PBXGroup;
			children = (
				C85F2744286F4C2C00D0A4E5 /* ScoreWindUITests.swift */,
				C85F2746286F4C2C00D0A4E5 /* ScoreWindUITestsLaunchTests.swift */,
			);
			path = ScoreWindUITests;
			sourceTree = "<group>";
		};
		C85F2798286F5A4E00D0A4E5 /* Types */ = {
			isa = PBXGroup;
			children = (
				C85F2790286F59BC00D0A4E5 /* CourseType.swift */,
				C85F2792286F59BC00D0A4E5 /* DownloadStatus.swift */,
				C878276728F9B8B90007DDC1 /* DoYouKnowFeedback.swift */,
				C878277A291670780007DDC1 /* ExperienceFeedback.swift */,
				C85F2791286F59BC00D0A4E5 /* InstrumentType.swift */,
				C878276B29044C790007DDC1 /* ListInCourse.swift */,
				C821817E29BEC68800F8180E /* Orientation.swift */,
				C85F278E286F59BC00D0A4E5 /* Page.swift */,
				C878276528F94D290007DDC1 /* PlayableFeedback.swift */,
				C85F279D2877DE0C00D0A4E5 /* SearchParameter.swift */,
				C85F27A128795A8E00D0A4E5 /* Tip.swift */,
				C85F27A7287A775E00D0A4E5 /* TipLimit.swift */,
				C86F88192996166E0072504E /* WizardCalculationMode.swift */,
				C8A651F32A66DF69009A3500 /* CouponState.swift */,
				C8A651F52A6E8765009A3500 /* UsageActions.swift */,
			);
			path = Types;
			sourceTree = "<group>";
		};
		C878276F290511430007DDC1 /* Models */ = {
			isa = PBXGroup;
			children = (
				C85F2770286F4F2E00D0A4E5 /* DownloadManager.swift */,
				C85F276F286F4F2E00D0A4E5 /* FileManager.swift */,
				C8E063EF28B0E20E000B3D67 /* MyCourse.swift */,
				C85F2768286F4F2E00D0A4E5 /* ScorewindData.swift */,
				C86F881F299AAE370072504E /* Store.swift */,
				C85F2769286F4F2E00D0A4E5 /* StudentData.swift */,
				C85F2764286F4F2E00D0A4E5 /* ViewModel.swift */,
				C878277029054B380007DDC1 /* WizardCalculator.swift */,
				C87CF12F297C4C9F00CDA215 /* WizardCalculatorHelper.swift */,
				C87CF12B297C42A700CDA215 /* WizardLearningPathItem.swift */,
				C87CF11E296FE84600CDA215 /* WizardLessonSearched.swift */,
				C8CA57A32936F8D90097AE07 /* WizardPicked.swift */,
				C87CF12D297C487A00CDA215 /* WizardResult.swift */,
			);
			path = Models;
			sourceTree = "<group>";
		};
		C897D4C729AEEF6B00A21603 /* Styles */ = {
			isa = PBXGroup;
			children = (
				C897D4C829AEEF9C00A21603 /* RoundedCornerShape.swift */,
			);
			path = Styles;
			sourceTree = "<group>";
		};
		C8A651F92A768FDB009A3500 /* materials */ = {
			isa = PBXGroup;
			children = (
				C8A6520C2A7828DE009A3500 /* Esin_Violin_Full_Body_UltraHD.mp4 */,
				C8A6520D2A7828DE009A3500 /* Ricardo_Guitar_Full_Body_HD.mp4 */,
				C8A652002A76E3F7009A3500 /* Ricardo_Notestand_TapA_UltraHD.mp4 */,
				C8A652082A778A22009A3500 /* Ricardo_Headset_UltraHD_720.mp4 */,
				C8A652042A77829B009A3500 /* Esin_Headset_UltraHD.mp4 */,
				C8A652012A76E3F7009A3500 /* Esin_Notestand_TapA_UltraHD.mp4 */,
				C8A651FA2A76901E009A3500 /* DIY_Notestannd_HD.mp4 */,
			);
			path = materials;
			sourceTree = "<group>";
		};
		C8E063EA28AE06B7000B3D67 /* DataModel */ = {
			isa = PBXGroup;
			children = (
				C85F276C286F4F2E00D0A4E5 /* DownloadItem.swift */,
				C85F2766286F4F2E00D0A4E5 /* ScorewindCourse.swift */,
				C85F2763286F4F2E00D0A4E5 /* ScorewindTimestamp.swift */,
			);
			path = DataModel;
			sourceTree = "<group>";
		};
/* End PBXGroup section */

/* Begin PBXNativeTarget section */
		C85F2725286F4C2B00D0A4E5 /* ScoreWind */ = {
			isa = PBXNativeTarget;
			buildConfigurationList = C85F274A286F4C2C00D0A4E5 /* Build configuration list for PBXNativeTarget "ScoreWind" */;
			buildPhases = (
				EEA51D62034848536E356B97 /* [CP] Check Pods Manifest.lock */,
				C85F2722286F4C2B00D0A4E5 /* Sources */,
				C85F2723286F4C2B00D0A4E5 /* Frameworks */,
				C85F2724286F4C2B00D0A4E5 /* Resources */,
				E39F48BA9E96875F51C9E467 /* [CP] Embed Pods Frameworks */,
			);
			buildRules = (
			);
			dependencies = (
			);
			name = ScoreWind;
			productName = ScoreWind;
			productReference = C85F2726286F4C2B00D0A4E5 /* ScoreWind.app */;
			productType = "com.apple.product-type.application";
		};
		C85F2735286F4C2C00D0A4E5 /* ScoreWindTests */ = {
			isa = PBXNativeTarget;
			buildConfigurationList = C85F274D286F4C2C00D0A4E5 /* Build configuration list for PBXNativeTarget "ScoreWindTests" */;
			buildPhases = (
				6A95FECBF785CAA1BEFFA3AA /* [CP] Check Pods Manifest.lock */,
				C85F2732286F4C2C00D0A4E5 /* Sources */,
				C85F2733286F4C2C00D0A4E5 /* Frameworks */,
				C85F2734286F4C2C00D0A4E5 /* Resources */,
			);
			buildRules = (
			);
			dependencies = (
				C85F2738286F4C2C00D0A4E5 /* PBXTargetDependency */,
			);
			name = ScoreWindTests;
			productName = ScoreWindTests;
			productReference = C85F2736286F4C2C00D0A4E5 /* ScoreWindTests.xctest */;
			productType = "com.apple.product-type.bundle.unit-test";
		};
		C85F273F286F4C2C00D0A4E5 /* ScoreWindUITests */ = {
			isa = PBXNativeTarget;
			buildConfigurationList = C85F2750286F4C2C00D0A4E5 /* Build configuration list for PBXNativeTarget "ScoreWindUITests" */;
			buildPhases = (
				C85F273C286F4C2C00D0A4E5 /* Sources */,
				C85F273D286F4C2C00D0A4E5 /* Frameworks */,
				C85F273E286F4C2C00D0A4E5 /* Resources */,
			);
			buildRules = (
			);
			dependencies = (
				C85F2742286F4C2C00D0A4E5 /* PBXTargetDependency */,
			);
			name = ScoreWindUITests;
			productName = ScoreWindUITests;
			productReference = C85F2740286F4C2C00D0A4E5 /* ScoreWindUITests.xctest */;
			productType = "com.apple.product-type.bundle.ui-testing";
		};
/* End PBXNativeTarget section */

/* Begin PBXProject section */
		C85F271E286F4C2B00D0A4E5 /* Project object */ = {
			isa = PBXProject;
			attributes = {
				BuildIndependentTargetsInParallel = 1;
				LastSwiftUpdateCheck = 1340;
				LastUpgradeCheck = 1340;
				TargetAttributes = {
					C85F2725286F4C2B00D0A4E5 = {
						CreatedOnToolsVersion = 13.4;
					};
					C85F2735286F4C2C00D0A4E5 = {
						CreatedOnToolsVersion = 13.4;
						TestTargetID = C85F2725286F4C2B00D0A4E5;
					};
					C85F273F286F4C2C00D0A4E5 = {
						CreatedOnToolsVersion = 13.4;
						TestTargetID = C85F2725286F4C2B00D0A4E5;
					};
				};
			};
			buildConfigurationList = C85F2721286F4C2B00D0A4E5 /* Build configuration list for PBXProject "ScoreWind" */;
			compatibilityVersion = "Xcode 13.0";
			developmentRegion = en;
			hasScannedForEncodings = 0;
			knownRegions = (
				en,
				Base,
			);
			mainGroup = C85F271D286F4C2B00D0A4E5;
			productRefGroup = C85F2727286F4C2B00D0A4E5 /* Products */;
			projectDirPath = "";
			projectRoot = "";
			targets = (
				C85F2725286F4C2B00D0A4E5 /* ScoreWind */,
				C85F2735286F4C2C00D0A4E5 /* ScoreWindTests */,
				C85F273F286F4C2C00D0A4E5 /* ScoreWindUITests */,
			);
		};
/* End PBXProject section */

/* Begin PBXResourcesBuildPhase section */
		C85F2724286F4C2B00D0A4E5 /* Resources */ = {
			isa = PBXResourcesBuildPhase;
			buildActionMask = 2147483647;
			files = (
				C8A652022A76E3F7009A3500 /* Ricardo_Notestand_TapA_UltraHD.mp4 in Resources */,
				C86F881C299A3F390072504E /* Products.storekit in Resources */,
				C8A652092A778A22009A3500 /* Ricardo_Headset_UltraHD_720.mp4 in Resources */,
				C85F275B286F4EF900D0A4E5 /* www in Resources */,
				C85F2755286F4E4B00D0A4E5 /* LaunchScreen.storyboard in Resources */,
				C85F2731286F4C2C00D0A4E5 /* Preview Assets.xcassets in Resources */,
				C85F272E286F4C2C00D0A4E5 /* Assets.xcassets in Resources */,
				C8A652062A77829B009A3500 /* Esin_Headset_UltraHD.mp4 in Resources */,
				C8A651FB2A76901E009A3500 /* DIY_Notestannd_HD.mp4 in Resources */,
				C8A6520E2A7828DE009A3500 /* Esin_Violin_Full_Body_UltraHD.mp4 in Resources */,
				C8A6520F2A7828DE009A3500 /* Ricardo_Guitar_Full_Body_HD.mp4 in Resources */,
				C86F881E299A40B80072504E /* StoreKitTestCertificate.cer in Resources */,
				C8DD45F629EAB43B0096CA41 /* scorewind_ios_xml.zip in Resources */,
				C85F2759286F4EEE00D0A4E5 /* data_version.json in Resources */,
				C8A652032A76E3F7009A3500 /* Esin_Notestand_TapA_UltraHD.mp4 in Resources */,
			);
			runOnlyForDeploymentPostprocessing = 0;
		};
		C85F2734286F4C2C00D0A4E5 /* Resources */ = {
			isa = PBXResourcesBuildPhase;
			buildActionMask = 2147483647;
			files = (
			);
			runOnlyForDeploymentPostprocessing = 0;
		};
		C85F273E286F4C2C00D0A4E5 /* Resources */ = {
			isa = PBXResourcesBuildPhase;
			buildActionMask = 2147483647;
			files = (
			);
			runOnlyForDeploymentPostprocessing = 0;
		};
/* End PBXResourcesBuildPhase section */

/* Begin PBXShellScriptBuildPhase section */
		6A95FECBF785CAA1BEFFA3AA /* [CP] Check Pods Manifest.lock */ = {
			isa = PBXShellScriptBuildPhase;
			buildActionMask = 2147483647;
			files = (
			);
			inputFileListPaths = (
			);
			inputPaths = (
				"${PODS_PODFILE_DIR_PATH}/Podfile.lock",
				"${PODS_ROOT}/Manifest.lock",
			);
			name = "[CP] Check Pods Manifest.lock";
			outputFileListPaths = (
			);
			outputPaths = (
				"$(DERIVED_FILE_DIR)/Pods-ScoreWindTests-checkManifestLockResult.txt",
			);
			runOnlyForDeploymentPostprocessing = 0;
			shellPath = /bin/sh;
			shellScript = "diff \"${PODS_PODFILE_DIR_PATH}/Podfile.lock\" \"${PODS_ROOT}/Manifest.lock\" > /dev/null\nif [ $? != 0 ] ; then\n    # print error to STDERR\n    echo \"error: The sandbox is not in sync with the Podfile.lock. Run 'pod install' or update your CocoaPods installation.\" >&2\n    exit 1\nfi\n# This output is used by Xcode 'outputs' to avoid re-running this script phase.\necho \"SUCCESS\" > \"${SCRIPT_OUTPUT_FILE_0}\"\n";
			showEnvVarsInLog = 0;
		};
		E39F48BA9E96875F51C9E467 /* [CP] Embed Pods Frameworks */ = {
			isa = PBXShellScriptBuildPhase;
			buildActionMask = 2147483647;
			files = (
			);
			inputFileListPaths = (
				"${PODS_ROOT}/Target Support Files/Pods-ScoreWind/Pods-ScoreWind-frameworks-${CONFIGURATION}-input-files.xcfilelist",
			);
			name = "[CP] Embed Pods Frameworks";
			outputFileListPaths = (
				"${PODS_ROOT}/Target Support Files/Pods-ScoreWind/Pods-ScoreWind-frameworks-${CONFIGURATION}-output-files.xcfilelist",
			);
			runOnlyForDeploymentPostprocessing = 0;
			shellPath = /bin/sh;
			shellScript = "\"${PODS_ROOT}/Target Support Files/Pods-ScoreWind/Pods-ScoreWind-frameworks.sh\"\n";
			showEnvVarsInLog = 0;
		};
		EEA51D62034848536E356B97 /* [CP] Check Pods Manifest.lock */ = {
			isa = PBXShellScriptBuildPhase;
			buildActionMask = 2147483647;
			files = (
			);
			inputFileListPaths = (
			);
			inputPaths = (
				"${PODS_PODFILE_DIR_PATH}/Podfile.lock",
				"${PODS_ROOT}/Manifest.lock",
			);
			name = "[CP] Check Pods Manifest.lock";
			outputFileListPaths = (
			);
			outputPaths = (
				"$(DERIVED_FILE_DIR)/Pods-ScoreWind-checkManifestLockResult.txt",
			);
			runOnlyForDeploymentPostprocessing = 0;
			shellPath = /bin/sh;
			shellScript = "diff \"${PODS_PODFILE_DIR_PATH}/Podfile.lock\" \"${PODS_ROOT}/Manifest.lock\" > /dev/null\nif [ $? != 0 ] ; then\n    # print error to STDERR\n    echo \"error: The sandbox is not in sync with the Podfile.lock. Run 'pod install' or update your CocoaPods installation.\" >&2\n    exit 1\nfi\n# This output is used by Xcode 'outputs' to avoid re-running this script phase.\necho \"SUCCESS\" > \"${SCRIPT_OUTPUT_FILE_0}\"\n";
			showEnvVarsInLog = 0;
		};
/* End PBXShellScriptBuildPhase section */

/* Begin PBXSourcesBuildPhase section */
		C85F2722286F4C2B00D0A4E5 /* Sources */ = {
			isa = PBXSourcesBuildPhase;
			buildActionMask = 2147483647;
			files = (
				C878277B291670780007DDC1 /* ExperienceFeedback.swift in Sources */,
				C878276E2904F2DA0007DDC1 /* WizardDoYouKnowView.swift in Sources */,
				C878275928E88B8E0007DDC1 /* CourseDownloadButtonView.swift in Sources */,
				C8E063F028B0E20E000B3D67 /* MyCourse.swift in Sources */,
				C878276628F94D290007DDC1 /* PlayableFeedback.swift in Sources */,
				C878277129054B380007DDC1 /* WizardCalculator.swift in Sources */,
				C8782773290586590007DDC1 /* WizardExperienceView.swift in Sources */,
				C87CF1242978365400CDA215 /* BackgroundTransparentView.swift in Sources */,
				C85F2779286F4F2E00D0A4E5 /* WebView.swift in Sources */,
				C85F2782286F4F2E00D0A4E5 /* LessonView.swift in Sources */,
				C8285E3F2A289A7400D4D917 /* AbouSupportView.swift in Sources */,
				C8A651F42A66DF69009A3500 /* CouponState.swift in Sources */,
				C85F277E286F4F2E00D0A4E5 /* LessonSheetView.swift in Sources */,
				C878275E28F1A04E0007DDC1 /* WizardTeacherView.swift in Sources */,
				C8A651FF2A76DDB9009A3500 /* VideoClipLoopView.swift in Sources */,
				C85F2796286F59BC00D0A4E5 /* InstrumentType.swift in Sources */,
				C86F8822299B8A560072504E /* StoreView.swift in Sources */,
				C897D4C929AEEF9C00A21603 /* RoundedCornerShape.swift in Sources */,
				C897D4C629A76BC700A21603 /* StatusInfoView.swift in Sources */,
				C85F277F286F4F2E00D0A4E5 /* LessonTextView.swift in Sources */,
				C8CA57A42936F8D90097AE07 /* WizardPicked.swift in Sources */,
				C878276C29044C790007DDC1 /* ListInCourse.swift in Sources */,
				C85F2785286F4F2E00D0A4E5 /* WizardView.swift in Sources */,
				C85F2778286F4F2E00D0A4E5 /* ViewModel.swift in Sources */,
				C8A6520B2A77F68F009A3500 /* VideoLoopView.swift in Sources */,
				C85F2775286F4F2E00D0A4E5 /* LessonScoreView.swift in Sources */,
				C878276828F9B8B90007DDC1 /* DoYouKnowFeedback.swift in Sources */,
				C878276228F4066E0007DDC1 /* WizardPlayableView.swift in Sources */,
				C85F2773286F4F2E00D0A4E5 /* HomeView.swift in Sources */,
				C85F27A8287A775E00D0A4E5 /* TipLimit.swift in Sources */,
				C878276A28FC25030007DDC1 /* WizardResultView.swift in Sources */,
				C878275728E8861C0007DDC1 /* CourseLessonListItemView.swift in Sources */,
				C868CA09298BB64B00724D2D /* LessonView2.swift in Sources */,
				C85F2774286F4F2E00D0A4E5 /* MyCoursesView.swift in Sources */,
				C85F277A286F4F2E00D0A4E5 /* ScorewindCourse.swift in Sources */,
				C85F272A286F4C2B00D0A4E5 /* ScoreWindApp.swift in Sources */,
				C897D4CB29B03F2F00A21603 /* Carousel.swift in Sources */,
				C86F8824299DF34A0072504E /* BuyItemView.swift in Sources */,
				C85F277C286F4F2E00D0A4E5 /* ScorewindData.swift in Sources */,
				C87CF12E297C487A00CDA215 /* WizardResult.swift in Sources */,
				C85F279C2871846200D0A4E5 /* BlankTabView.swift in Sources */,
				C878276028F404320007DDC1 /* WizardInstrumentView.swift in Sources */,
				C85F277D286F4F2E00D0A4E5 /* StudentData.swift in Sources */,
				C86F881A2996166E0072504E /* WizardCalculationMode.swift in Sources */,
				C8A651F82A7636D0009A3500 /* CourseTipContent.swift in Sources */,
				C8285E3D2A25033600D4D917 /* BuyButtonView.swift in Sources */,
				C86F8820299AAE370072504E /* Store.swift in Sources */,
				C87CF130297C4C9F00CDA215 /* WizardCalculatorHelper.swift in Sources */,
				C85F2784286F4F2E00D0A4E5 /* DownloadManager.swift in Sources */,
				C87CF12A297B969200CDA215 /* WizardResultPathView.swift in Sources */,
				C85F2777286F4F2E00D0A4E5 /* ScorewindTimestamp.swift in Sources */,
				C85F27A228795A8E00D0A4E5 /* Tip.swift in Sources */,
				C8A651F62A6E8765009A3500 /* UsageActions.swift in Sources */,
				C87CF12C297C42A700CDA215 /* WizardLearningPathItem.swift in Sources */,
				C85F2780286F4F2E00D0A4E5 /* DownloadItem.swift in Sources */,
				C85F2783286F4F2E00D0A4E5 /* FileManager.swift in Sources */,
				C810183929D2FB7400B54AFD /* DownloadSpinnerView.swift in Sources */,
				C85F279E2877DE0C00D0A4E5 /* SearchParameter.swift in Sources */,
				C878275328E8675F0007DDC1 /* MyCouseItemview.swift in Sources */,
				C85F27A42879C20400D0A4E5 /* TipModalView.swift in Sources */,
				C87CF11F296FE84600CDA215 /* WizardLessonSearched.swift in Sources */,
				C85F2772286F4F2E00D0A4E5 /* CourseView.swift in Sources */,
				C85F2795286F59BC00D0A4E5 /* CourseType.swift in Sources */,
				C85F2793286F59BC00D0A4E5 /* Page.swift in Sources */,
				C821817F29BEC68800F8180E /* Orientation.swift in Sources */,
				C87CF1262979399B00CDA215 /* TipTransparentModalView.swift in Sources */,
				C85F2781286F4F2E00D0A4E5 /* MyTheme.swift in Sources */,
				C85F277B286F4F2E00D0A4E5 /* HTMLString.swift in Sources */,
				C868CA0729856F9300724D2D /* TipContentMakerView.swift in Sources */,
				C85F2797286F59BC00D0A4E5 /* DownloadStatus.swift in Sources */,
			);
			runOnlyForDeploymentPostprocessing = 0;
		};
		C85F2732286F4C2C00D0A4E5 /* Sources */ = {
			isa = PBXSourcesBuildPhase;
			buildActionMask = 2147483647;
			files = (
				C85F273B286F4C2C00D0A4E5 /* ScoreWindTests.swift in Sources */,
				C85F279A286F5B1C00D0A4E5 /* iCloudKeyValue.swift in Sources */,
				C878275C28EF0AA60007DDC1 /* UserDefault.swift in Sources */,
			);
			runOnlyForDeploymentPostprocessing = 0;
		};
		C85F273C286F4C2C00D0A4E5 /* Sources */ = {
			isa = PBXSourcesBuildPhase;
			buildActionMask = 2147483647;
			files = (
				C85F2745286F4C2C00D0A4E5 /* ScoreWindUITests.swift in Sources */,
				C85F2747286F4C2C00D0A4E5 /* ScoreWindUITestsLaunchTests.swift in Sources */,
			);
			runOnlyForDeploymentPostprocessing = 0;
		};
/* End PBXSourcesBuildPhase section */

/* Begin PBXTargetDependency section */
		C85F2738286F4C2C00D0A4E5 /* PBXTargetDependency */ = {
			isa = PBXTargetDependency;
			target = C85F2725286F4C2B00D0A4E5 /* ScoreWind */;
			targetProxy = C85F2737286F4C2C00D0A4E5 /* PBXContainerItemProxy */;
		};
		C85F2742286F4C2C00D0A4E5 /* PBXTargetDependency */ = {
			isa = PBXTargetDependency;
			target = C85F2725286F4C2B00D0A4E5 /* ScoreWind */;
			targetProxy = C85F2741286F4C2C00D0A4E5 /* PBXContainerItemProxy */;
		};
/* End PBXTargetDependency section */

/* Begin XCBuildConfiguration section */
		C85F2748286F4C2C00D0A4E5 /* Debug */ = {
			isa = XCBuildConfiguration;
			buildSettings = {
				ALWAYS_SEARCH_USER_PATHS = NO;
				CLANG_ANALYZER_NONNULL = YES;
				CLANG_ANALYZER_NUMBER_OBJECT_CONVERSION = YES_AGGRESSIVE;
				CLANG_CXX_LANGUAGE_STANDARD = "gnu++17";
				CLANG_ENABLE_MODULES = YES;
				CLANG_ENABLE_OBJC_ARC = YES;
				CLANG_ENABLE_OBJC_WEAK = YES;
				CLANG_WARN_BLOCK_CAPTURE_AUTORELEASING = YES;
				CLANG_WARN_BOOL_CONVERSION = YES;
				CLANG_WARN_COMMA = YES;
				CLANG_WARN_CONSTANT_CONVERSION = YES;
				CLANG_WARN_DEPRECATED_OBJC_IMPLEMENTATIONS = YES;
				CLANG_WARN_DIRECT_OBJC_ISA_USAGE = YES_ERROR;
				CLANG_WARN_DOCUMENTATION_COMMENTS = YES;
				CLANG_WARN_EMPTY_BODY = YES;
				CLANG_WARN_ENUM_CONVERSION = YES;
				CLANG_WARN_INFINITE_RECURSION = YES;
				CLANG_WARN_INT_CONVERSION = YES;
				CLANG_WARN_NON_LITERAL_NULL_CONVERSION = YES;
				CLANG_WARN_OBJC_IMPLICIT_RETAIN_SELF = YES;
				CLANG_WARN_OBJC_LITERAL_CONVERSION = YES;
				CLANG_WARN_OBJC_ROOT_CLASS = YES_ERROR;
				CLANG_WARN_QUOTED_INCLUDE_IN_FRAMEWORK_HEADER = YES;
				CLANG_WARN_RANGE_LOOP_ANALYSIS = YES;
				CLANG_WARN_STRICT_PROTOTYPES = YES;
				CLANG_WARN_SUSPICIOUS_MOVE = YES;
				CLANG_WARN_UNGUARDED_AVAILABILITY = YES_AGGRESSIVE;
				CLANG_WARN_UNREACHABLE_CODE = YES;
				CLANG_WARN__DUPLICATE_METHOD_MATCH = YES;
				COPY_PHASE_STRIP = NO;
				DEBUG_INFORMATION_FORMAT = dwarf;
				ENABLE_STRICT_OBJC_MSGSEND = YES;
				ENABLE_TESTABILITY = YES;
				GCC_C_LANGUAGE_STANDARD = gnu11;
				GCC_DYNAMIC_NO_PIC = NO;
				GCC_NO_COMMON_BLOCKS = YES;
				GCC_OPTIMIZATION_LEVEL = 0;
				GCC_PREPROCESSOR_DEFINITIONS = (
					"DEBUG=1",
					"$(inherited)",
				);
				GCC_WARN_64_TO_32_BIT_CONVERSION = YES;
				GCC_WARN_ABOUT_RETURN_TYPE = YES_ERROR;
				GCC_WARN_UNDECLARED_SELECTOR = YES;
				GCC_WARN_UNINITIALIZED_AUTOS = YES_AGGRESSIVE;
				GCC_WARN_UNUSED_FUNCTION = YES;
				GCC_WARN_UNUSED_VARIABLE = YES;
				IPHONEOS_DEPLOYMENT_TARGET = 15.2;
				MTL_ENABLE_DEBUG_INFO = INCLUDE_SOURCE;
				MTL_FAST_MATH = YES;
				ONLY_ACTIVE_ARCH = YES;
				SDKROOT = iphoneos;
				SWIFT_ACTIVE_COMPILATION_CONDITIONS = DEBUG;
				SWIFT_OPTIMIZATION_LEVEL = "-Onone";
			};
			name = Debug;
		};
		C85F2749286F4C2C00D0A4E5 /* Release */ = {
			isa = XCBuildConfiguration;
			buildSettings = {
				ALWAYS_SEARCH_USER_PATHS = NO;
				CLANG_ANALYZER_NONNULL = YES;
				CLANG_ANALYZER_NUMBER_OBJECT_CONVERSION = YES_AGGRESSIVE;
				CLANG_CXX_LANGUAGE_STANDARD = "gnu++17";
				CLANG_ENABLE_MODULES = YES;
				CLANG_ENABLE_OBJC_ARC = YES;
				CLANG_ENABLE_OBJC_WEAK = YES;
				CLANG_WARN_BLOCK_CAPTURE_AUTORELEASING = YES;
				CLANG_WARN_BOOL_CONVERSION = YES;
				CLANG_WARN_COMMA = YES;
				CLANG_WARN_CONSTANT_CONVERSION = YES;
				CLANG_WARN_DEPRECATED_OBJC_IMPLEMENTATIONS = YES;
				CLANG_WARN_DIRECT_OBJC_ISA_USAGE = YES_ERROR;
				CLANG_WARN_DOCUMENTATION_COMMENTS = YES;
				CLANG_WARN_EMPTY_BODY = YES;
				CLANG_WARN_ENUM_CONVERSION = YES;
				CLANG_WARN_INFINITE_RECURSION = YES;
				CLANG_WARN_INT_CONVERSION = YES;
				CLANG_WARN_NON_LITERAL_NULL_CONVERSION = YES;
				CLANG_WARN_OBJC_IMPLICIT_RETAIN_SELF = YES;
				CLANG_WARN_OBJC_LITERAL_CONVERSION = YES;
				CLANG_WARN_OBJC_ROOT_CLASS = YES_ERROR;
				CLANG_WARN_QUOTED_INCLUDE_IN_FRAMEWORK_HEADER = YES;
				CLANG_WARN_RANGE_LOOP_ANALYSIS = YES;
				CLANG_WARN_STRICT_PROTOTYPES = YES;
				CLANG_WARN_SUSPICIOUS_MOVE = YES;
				CLANG_WARN_UNGUARDED_AVAILABILITY = YES_AGGRESSIVE;
				CLANG_WARN_UNREACHABLE_CODE = YES;
				CLANG_WARN__DUPLICATE_METHOD_MATCH = YES;
				COPY_PHASE_STRIP = NO;
				DEBUG_INFORMATION_FORMAT = "dwarf-with-dsym";
				ENABLE_NS_ASSERTIONS = NO;
				ENABLE_STRICT_OBJC_MSGSEND = YES;
				GCC_C_LANGUAGE_STANDARD = gnu11;
				GCC_NO_COMMON_BLOCKS = YES;
				GCC_WARN_64_TO_32_BIT_CONVERSION = YES;
				GCC_WARN_ABOUT_RETURN_TYPE = YES_ERROR;
				GCC_WARN_UNDECLARED_SELECTOR = YES;
				GCC_WARN_UNINITIALIZED_AUTOS = YES_AGGRESSIVE;
				GCC_WARN_UNUSED_FUNCTION = YES;
				GCC_WARN_UNUSED_VARIABLE = YES;
				IPHONEOS_DEPLOYMENT_TARGET = 15.2;
				MTL_ENABLE_DEBUG_INFO = NO;
				MTL_FAST_MATH = YES;
				SDKROOT = iphoneos;
				SWIFT_COMPILATION_MODE = wholemodule;
				SWIFT_OPTIMIZATION_LEVEL = "-O";
				VALIDATE_PRODUCT = YES;
			};
			name = Release;
		};
		C85F274B286F4C2C00D0A4E5 /* Debug */ = {
			isa = XCBuildConfiguration;
			baseConfigurationReference = 5019C0DCB3C67F469026BFEA /* Pods-ScoreWind.debug.xcconfig */;
			buildSettings = {
				ASSETCATALOG_COMPILER_APPICON_NAME = AppIcon;
				ASSETCATALOG_COMPILER_GLOBAL_ACCENT_COLOR_NAME = AccentColor;
				ASSETCATALOG_COMPILER_INCLUDE_ALL_APPICON_ASSETS = YES;
				CODE_SIGN_ENTITLEMENTS = ScoreWind/ScoreWind.entitlements;
				CODE_SIGN_STYLE = Automatic;
				CURRENT_PROJECT_VERSION = 3.11.0;
				DEVELOPMENT_ASSET_PATHS = "\"ScoreWind/Preview Content\"";
				DEVELOPMENT_TEAM = 23BXR5AUUB;
				ENABLE_PREVIEWS = YES;
				GENERATE_INFOPLIST_FILE = YES;
				INFOPLIST_FILE = ScoreWind/Info.plist;
				INFOPLIST_KEY_LSApplicationCategoryType = "public.app-category.education";
				INFOPLIST_KEY_UIApplicationSceneManifest_Generation = YES;
				INFOPLIST_KEY_UIApplicationSupportsIndirectInputEvents = YES;
				INFOPLIST_KEY_UILaunchScreen_Generation = YES;
				INFOPLIST_KEY_UILaunchStoryboardName = LaunchScreen.storyboard;
				INFOPLIST_KEY_UISupportedInterfaceOrientations = "UIInterfaceOrientationLandscapeLeft UIInterfaceOrientationLandscapeRight UIInterfaceOrientationPortrait";
				INFOPLIST_KEY_UISupportedInterfaceOrientations_iPad = "UIInterfaceOrientationLandscapeLeft UIInterfaceOrientationLandscapeRight UIInterfaceOrientationPortrait UIInterfaceOrientationPortraitUpsideDown";
				IPHONEOS_DEPLOYMENT_TARGET = 15.5;
				LD_RUNPATH_SEARCH_PATHS = (
					"$(inherited)",
					"@executable_path/Frameworks",
				);
				MARKETING_VERSION = 1.1.0;
				PRODUCT_BUNDLE_IDENTIFIER = com.elosoft.ScoreWind;
				PRODUCT_NAME = "$(TARGET_NAME)";
				SUPPORTED_PLATFORMS = "iphoneos iphonesimulator";
				SUPPORTS_MACCATALYST = NO;
				SUPPORTS_MAC_DESIGNED_FOR_IPHONE_IPAD = NO;
				SWIFT_EMIT_LOC_STRINGS = YES;
				SWIFT_VERSION = 5.0;
				TARGETED_DEVICE_FAMILY = 1;
			};
			name = Debug;
		};
		C85F274C286F4C2C00D0A4E5 /* Release */ = {
			isa = XCBuildConfiguration;
			baseConfigurationReference = 2309B4974A408AB06BC55CA1 /* Pods-ScoreWind.release.xcconfig */;
			buildSettings = {
				ASSETCATALOG_COMPILER_APPICON_NAME = AppIcon;
				ASSETCATALOG_COMPILER_GLOBAL_ACCENT_COLOR_NAME = AccentColor;
				ASSETCATALOG_COMPILER_INCLUDE_ALL_APPICON_ASSETS = YES;
				CODE_SIGN_ENTITLEMENTS = ScoreWind/ScoreWind.entitlements;
				CODE_SIGN_STYLE = Automatic;
				CURRENT_PROJECT_VERSION = 3.11.0;
				DEVELOPMENT_ASSET_PATHS = "\"ScoreWind/Preview Content\"";
				DEVELOPMENT_TEAM = 23BXR5AUUB;
				ENABLE_PREVIEWS = YES;
				GENERATE_INFOPLIST_FILE = YES;
				INFOPLIST_FILE = ScoreWind/Info.plist;
				INFOPLIST_KEY_LSApplicationCategoryType = "public.app-category.education";
				INFOPLIST_KEY_UIApplicationSceneManifest_Generation = YES;
				INFOPLIST_KEY_UIApplicationSupportsIndirectInputEvents = YES;
				INFOPLIST_KEY_UILaunchScreen_Generation = YES;
				INFOPLIST_KEY_UILaunchStoryboardName = LaunchScreen.storyboard;
				INFOPLIST_KEY_UISupportedInterfaceOrientations = "UIInterfaceOrientationLandscapeLeft UIInterfaceOrientationLandscapeRight UIInterfaceOrientationPortrait";
				INFOPLIST_KEY_UISupportedInterfaceOrientations_iPad = "UIInterfaceOrientationLandscapeLeft UIInterfaceOrientationLandscapeRight UIInterfaceOrientationPortrait UIInterfaceOrientationPortraitUpsideDown";
				IPHONEOS_DEPLOYMENT_TARGET = 15.5;
				LD_RUNPATH_SEARCH_PATHS = (
					"$(inherited)",
					"@executable_path/Frameworks",
				);
				MARKETING_VERSION = 1.1.0;
				PRODUCT_BUNDLE_IDENTIFIER = com.elosoft.ScoreWind;
				PRODUCT_NAME = "$(TARGET_NAME)";
				SUPPORTED_PLATFORMS = "iphoneos iphonesimulator";
				SUPPORTS_MACCATALYST = NO;
				SUPPORTS_MAC_DESIGNED_FOR_IPHONE_IPAD = NO;
				SWIFT_EMIT_LOC_STRINGS = YES;
				SWIFT_VERSION = 5.0;
				TARGETED_DEVICE_FAMILY = 1;
			};
			name = Release;
		};
		C85F274E286F4C2C00D0A4E5 /* Debug */ = {
			isa = XCBuildConfiguration;
			baseConfigurationReference = F5B8EA121B65003489B73002 /* Pods-ScoreWindTests.debug.xcconfig */;
			buildSettings = {
				ALWAYS_EMBED_SWIFT_STANDARD_LIBRARIES = YES;
				BUNDLE_LOADER = "$(TEST_HOST)";
				CODE_SIGN_STYLE = Automatic;
				CURRENT_PROJECT_VERSION = 1;
				DEVELOPMENT_TEAM = 23BXR5AUUB;
				GENERATE_INFOPLIST_FILE = YES;
				IPHONEOS_DEPLOYMENT_TARGET = 15.5;
				MARKETING_VERSION = 1.0;
				PRODUCT_BUNDLE_IDENTIFIER = com.elosoft.ScoreWindTests;
				PRODUCT_NAME = "$(TARGET_NAME)";
				SUPPORTED_PLATFORMS = "iphoneos iphonesimulator";
				SUPPORTS_MACCATALYST = NO;
				SUPPORTS_MAC_DESIGNED_FOR_IPHONE_IPAD = NO;
				SWIFT_EMIT_LOC_STRINGS = NO;
				SWIFT_VERSION = 5.0;
				TARGETED_DEVICE_FAMILY = 1;
				TEST_HOST = "$(BUILT_PRODUCTS_DIR)/ScoreWind.app/ScoreWind";
			};
			name = Debug;
		};
		C85F274F286F4C2C00D0A4E5 /* Release */ = {
			isa = XCBuildConfiguration;
			baseConfigurationReference = 3D113D4259B7C54A870B53F8 /* Pods-ScoreWindTests.release.xcconfig */;
			buildSettings = {
				ALWAYS_EMBED_SWIFT_STANDARD_LIBRARIES = YES;
				BUNDLE_LOADER = "$(TEST_HOST)";
				CODE_SIGN_STYLE = Automatic;
				CURRENT_PROJECT_VERSION = 1;
				DEVELOPMENT_TEAM = 23BXR5AUUB;
				GENERATE_INFOPLIST_FILE = YES;
				IPHONEOS_DEPLOYMENT_TARGET = 15.5;
				MARKETING_VERSION = 1.0;
				PRODUCT_BUNDLE_IDENTIFIER = com.elosoft.ScoreWindTests;
				PRODUCT_NAME = "$(TARGET_NAME)";
				SUPPORTED_PLATFORMS = "iphoneos iphonesimulator";
				SUPPORTS_MACCATALYST = NO;
				SUPPORTS_MAC_DESIGNED_FOR_IPHONE_IPAD = NO;
				SWIFT_EMIT_LOC_STRINGS = NO;
				SWIFT_VERSION = 5.0;
				TARGETED_DEVICE_FAMILY = 1;
				TEST_HOST = "$(BUILT_PRODUCTS_DIR)/ScoreWind.app/ScoreWind";
			};
			name = Release;
		};
		C85F2751286F4C2C00D0A4E5 /* Debug */ = {
			isa = XCBuildConfiguration;
			buildSettings = {
				ALWAYS_EMBED_SWIFT_STANDARD_LIBRARIES = YES;
				CODE_SIGN_STYLE = Automatic;
				CURRENT_PROJECT_VERSION = 1;
				DEVELOPMENT_TEAM = 23BXR5AUUB;
				GENERATE_INFOPLIST_FILE = YES;
				IPHONEOS_DEPLOYMENT_TARGET = 15.5;
				MARKETING_VERSION = 1.0;
				PRODUCT_BUNDLE_IDENTIFIER = com.elosoft.ScoreWindUITests;
				PRODUCT_NAME = "$(TARGET_NAME)";
				SUPPORTED_PLATFORMS = "iphoneos iphonesimulator";
				SUPPORTS_MACCATALYST = NO;
				SUPPORTS_MAC_DESIGNED_FOR_IPHONE_IPAD = NO;
				SWIFT_EMIT_LOC_STRINGS = NO;
				SWIFT_VERSION = 5.0;
				TARGETED_DEVICE_FAMILY = 1;
				TEST_TARGET_NAME = ScoreWind;
			};
			name = Debug;
		};
		C85F2752286F4C2C00D0A4E5 /* Release */ = {
			isa = XCBuildConfiguration;
			buildSettings = {
				ALWAYS_EMBED_SWIFT_STANDARD_LIBRARIES = YES;
				CODE_SIGN_STYLE = Automatic;
				CURRENT_PROJECT_VERSION = 1;
				DEVELOPMENT_TEAM = 23BXR5AUUB;
				GENERATE_INFOPLIST_FILE = YES;
				IPHONEOS_DEPLOYMENT_TARGET = 15.5;
				MARKETING_VERSION = 1.0;
				PRODUCT_BUNDLE_IDENTIFIER = com.elosoft.ScoreWindUITests;
				PRODUCT_NAME = "$(TARGET_NAME)";
				SUPPORTED_PLATFORMS = "iphoneos iphonesimulator";
				SUPPORTS_MACCATALYST = NO;
				SUPPORTS_MAC_DESIGNED_FOR_IPHONE_IPAD = NO;
				SWIFT_EMIT_LOC_STRINGS = NO;
				SWIFT_VERSION = 5.0;
				TARGETED_DEVICE_FAMILY = 1;
				TEST_TARGET_NAME = ScoreWind;
			};
			name = Release;
		};
/* End XCBuildConfiguration section */

/* Begin XCConfigurationList section */
		C85F2721286F4C2B00D0A4E5 /* Build configuration list for PBXProject "ScoreWind" */ = {
			isa = XCConfigurationList;
			buildConfigurations = (
				C85F2748286F4C2C00D0A4E5 /* Debug */,
				C85F2749286F4C2C00D0A4E5 /* Release */,
			);
			defaultConfigurationIsVisible = 0;
			defaultConfigurationName = Release;
		};
		C85F274A286F4C2C00D0A4E5 /* Build configuration list for PBXNativeTarget "ScoreWind" */ = {
			isa = XCConfigurationList;
			buildConfigurations = (
				C85F274B286F4C2C00D0A4E5 /* Debug */,
				C85F274C286F4C2C00D0A4E5 /* Release */,
			);
			defaultConfigurationIsVisible = 0;
			defaultConfigurationName = Release;
		};
		C85F274D286F4C2C00D0A4E5 /* Build configuration list for PBXNativeTarget "ScoreWindTests" */ = {
			isa = XCConfigurationList;
			buildConfigurations = (
				C85F274E286F4C2C00D0A4E5 /* Debug */,
				C85F274F286F4C2C00D0A4E5 /* Release */,
			);
			defaultConfigurationIsVisible = 0;
			defaultConfigurationName = Release;
		};
		C85F2750286F4C2C00D0A4E5 /* Build configuration list for PBXNativeTarget "ScoreWindUITests" */ = {
			isa = XCConfigurationList;
			buildConfigurations = (
				C85F2751286F4C2C00D0A4E5 /* Debug */,
				C85F2752286F4C2C00D0A4E5 /* Release */,
			);
			defaultConfigurationIsVisible = 0;
			defaultConfigurationName = Release;
		};
/* End XCConfigurationList section */
	};
	rootObject = C85F271E286F4C2B00D0A4E5 /* Project object */;
}
