// !$*UTF8*$!
{
	archiveVersion = 1;
	classes = {
	};
	objectVersion = 55;
	objects = {

/* Begin PBXBuildFile section */
		C85F272A286F4C2B00D0A4E5 /* ScoreWindApp.swift in Sources */ = {isa = PBXBuildFile; fileRef = C85F2729286F4C2B00D0A4E5 /* ScoreWindApp.swift */; };
		C85F272C286F4C2B00D0A4E5 /* ContentView.swift in Sources */ = {isa = PBXBuildFile; fileRef = C85F272B286F4C2B00D0A4E5 /* ContentView.swift */; };
		C85F272E286F4C2C00D0A4E5 /* Assets.xcassets in Resources */ = {isa = PBXBuildFile; fileRef = C85F272D286F4C2C00D0A4E5 /* Assets.xcassets */; };
		C85F2731286F4C2C00D0A4E5 /* Preview Assets.xcassets in Resources */ = {isa = PBXBuildFile; fileRef = C85F2730286F4C2C00D0A4E5 /* Preview Assets.xcassets */; };
		C85F273B286F4C2C00D0A4E5 /* ScoreWindTests.swift in Sources */ = {isa = PBXBuildFile; fileRef = C85F273A286F4C2C00D0A4E5 /* ScoreWindTests.swift */; };
		C85F2745286F4C2C00D0A4E5 /* ScoreWindUITests.swift in Sources */ = {isa = PBXBuildFile; fileRef = C85F2744286F4C2C00D0A4E5 /* ScoreWindUITests.swift */; };
		C85F2747286F4C2C00D0A4E5 /* ScoreWindUITestsLaunchTests.swift in Sources */ = {isa = PBXBuildFile; fileRef = C85F2746286F4C2C00D0A4E5 /* ScoreWindUITestsLaunchTests.swift */; };
/* End PBXBuildFile section */

/* Begin PBXContainerItemProxy section */
		C85F2737286F4C2C00D0A4E5 /* PBXContainerItemProxy */ = {
			isa = PBXContainerItemProxy;
			containerPortal = C85F271E286F4C2B00D0A4E5 /* Project object */;
			proxyType = 1;
			remoteGlobalIDString = C85F2725286F4C2B00D0A4E5;
			remoteInfo = ScoreWind;
		};
		C85F2741286F4C2C00D0A4E5 /* PBXContainerItemProxy */ = {
			isa = PBXContainerItemProxy;
			containerPortal = C85F271E286F4C2B00D0A4E5 /* Project object */;
			proxyType = 1;
			remoteGlobalIDString = C85F2725286F4C2B00D0A4E5;
			remoteInfo = ScoreWind;
		};
/* End PBXContainerItemProxy section */

/* Begin PBXFileReference section */
		C85F2726286F4C2B00D0A4E5 /* ScoreWind.app */ = {isa = PBXFileReference; explicitFileType = wrapper.application; includeInIndex = 0; path = ScoreWind.app; sourceTree = BUILT_PRODUCTS_DIR; };
		C85F2729286F4C2B00D0A4E5 /* ScoreWindApp.swift */ = {isa = PBXFileReference; lastKnownFileType = sourcecode.swift; path = ScoreWindApp.swift; sourceTree = "<group>"; };
		C85F272B286F4C2B00D0A4E5 /* ContentView.swift */ = {isa = PBXFileReference; lastKnownFileType = sourcecode.swift; path = ContentView.swift; sourceTree = "<group>"; };
		C85F272D286F4C2C00D0A4E5 /* Assets.xcassets */ = {isa = PBXFileReference; lastKnownFileType = folder.assetcatalog; path = Assets.xcassets; sourceTree = "<group>"; };
		C85F2730286F4C2C00D0A4E5 /* Preview Assets.xcassets */ = {isa = PBXFileReference; lastKnownFileType = folder.assetcatalog; path = "Preview Assets.xcassets"; sourceTree = "<group>"; };
		C85F2736286F4C2C00D0A4E5 /* ScoreWindTests.xctest */ = {isa = PBXFileReference; explicitFileType = wrapper.cfbundle; includeInIndex = 0; path = ScoreWindTests.xctest; sourceTree = BUILT_PRODUCTS_DIR; };
		C85F273A286F4C2C00D0A4E5 /* ScoreWindTests.swift */ = {isa = PBXFileReference; lastKnownFileType = sourcecode.swift; path = ScoreWindTests.swift; sourceTree = "<group>"; };
		C85F2740286F4C2C00D0A4E5 /* ScoreWindUITests.xctest */ = {isa = PBXFileReference; explicitFileType = wrapper.cfbundle; includeInIndex = 0; path = ScoreWindUITests.xctest; sourceTree = BUILT_PRODUCTS_DIR; };
		C85F2744286F4C2C00D0A4E5 /* ScoreWindUITests.swift */ = {isa = PBXFileReference; lastKnownFileType = sourcecode.swift; path = ScoreWindUITests.swift; sourceTree = "<group>"; };
		C85F2746286F4C2C00D0A4E5 /* ScoreWindUITestsLaunchTests.swift */ = {isa = PBXFileReference; lastKnownFileType = sourcecode.swift; path = ScoreWindUITestsLaunchTests.swift; sourceTree = "<group>"; };
/* End PBXFileReference section */

/* Begin PBXFrameworksBuildPhase section */
		C85F2723286F4C2B00D0A4E5 /* Frameworks */ = {
			isa = PBXFrameworksBuildPhase;
			buildActionMask = 2147483647;
			files = (
			);
			runOnlyForDeploymentPostprocessing = 0;
		};
		C85F2733286F4C2C00D0A4E5 /* Frameworks */ = {
			isa = PBXFrameworksBuildPhase;
			buildActionMask = 2147483647;
			files = (
			);
			runOnlyForDeploymentPostprocessing = 0;
		};
		C85F273D286F4C2C00D0A4E5 /* Frameworks */ = {
			isa = PBXFrameworksBuildPhase;
			buildActionMask = 2147483647;
			files = (
			);
			runOnlyForDeploymentPostprocessing = 0;
		};
/* End PBXFrameworksBuildPhase section */

/* Begin PBXGroup section */
		C85F271D286F4C2B00D0A4E5 = {
			isa = PBXGroup;
			children = (
				C85F2728286F4C2B00D0A4E5 /* ScoreWind */,
				C85F2739286F4C2C00D0A4E5 /* ScoreWindTests */,
				C85F2743286F4C2C00D0A4E5 /* ScoreWindUITests */,
				C85F2727286F4C2B00D0A4E5 /* Products */,
			);
			sourceTree = "<group>";
		};
		C85F2727286F4C2B00D0A4E5 /* Products */ = {
			isa = PBXGroup;
			children = (
				C85F2726286F4C2B00D0A4E5 /* ScoreWind.app */,
				C85F2736286F4C2C00D0A4E5 /* ScoreWindTests.xctest */,
				C85F2740286F4C2C00D0A4E5 /* ScoreWindUITests.xctest */,
			);
			name = Products;
			sourceTree = "<group>";
		};
		C85F2728286F4C2B00D0A4E5 /* ScoreWind */ = {
			isa = PBXGroup;
			children = (
				C85F2729286F4C2B00D0A4E5 /* ScoreWindApp.swift */,
				C85F272B286F4C2B00D0A4E5 /* ContentView.swift */,
				C85F272D286F4C2C00D0A4E5 /* Assets.xcassets */,
				C85F272F286F4C2C00D0A4E5 /* Preview Content */,
			);
			path = ScoreWind;
			sourceTree = "<group>";
		};
		C85F272F286F4C2C00D0A4E5 /* Preview Content */ = {
			isa = PBXGroup;
			children = (
				C85F2730286F4C2C00D0A4E5 /* Preview Assets.xcassets */,
			);
			path = "Preview Content";
			sourceTree = "<group>";
		};
		C85F2739286F4C2C00D0A4E5 /* ScoreWindTests */ = {
			isa = PBXGroup;
			children = (
				C85F273A286F4C2C00D0A4E5 /* ScoreWindTests.swift */,
			);
			path = ScoreWindTests;
			sourceTree = "<group>";
		};
		C85F2743286F4C2C00D0A4E5 /* ScoreWindUITests */ = {
			isa = PBXGroup;
			children = (
				C85F2744286F4C2C00D0A4E5 /* ScoreWindUITests.swift */,
				C85F2746286F4C2C00D0A4E5 /* ScoreWindUITestsLaunchTests.swift */,
			);
			path = ScoreWindUITests;
			sourceTree = "<group>";
		};
/* End PBXGroup section */

/* Begin PBXNativeTarget section */
		C85F2725286F4C2B00D0A4E5 /* ScoreWind */ = {
			isa = PBXNativeTarget;
			buildConfigurationList = C85F274A286F4C2C00D0A4E5 /* Build configuration list for PBXNativeTarget "ScoreWind" */;
			buildPhases = (
				C85F2722286F4C2B00D0A4E5 /* Sources */,
				C85F2723286F4C2B00D0A4E5 /* Frameworks */,
				C85F2724286F4C2B00D0A4E5 /* Resources */,
			);
			buildRules = (
			);
			dependencies = (
			);
			name = ScoreWind;
			productName = ScoreWind;
			productReference = C85F2726286F4C2B00D0A4E5 /* ScoreWind.app */;
			productType = "com.apple.product-type.application";
		};
		C85F2735286F4C2C00D0A4E5 /* ScoreWindTests */ = {
			isa = PBXNativeTarget;
			buildConfigurationList = C85F274D286F4C2C00D0A4E5 /* Build configuration list for PBXNativeTarget "ScoreWindTests" */;
			buildPhases = (
				C85F2732286F4C2C00D0A4E5 /* Sources */,
				C85F2733286F4C2C00D0A4E5 /* Frameworks */,
				C85F2734286F4C2C00D0A4E5 /* Resources */,
			);
			buildRules = (
			);
			dependencies = (
				C85F2738286F4C2C00D0A4E5 /* PBXTargetDependency */,
			);
			name = ScoreWindTests;
			productName = ScoreWindTests;
			productReference = C85F2736286F4C2C00D0A4E5 /* ScoreWindTests.xctest */;
			productType = "com.apple.product-type.bundle.unit-test";
		};
		C85F273F286F4C2C00D0A4E5 /* ScoreWindUITests */ = {
			isa = PBXNativeTarget;
			buildConfigurationList = C85F2750286F4C2C00D0A4E5 /* Build configuration list for PBXNativeTarget "ScoreWindUITests" */;
			buildPhases = (
				C85F273C286F4C2C00D0A4E5 /* Sources */,
				C85F273D286F4C2C00D0A4E5 /* Frameworks */,
				C85F273E286F4C2C00D0A4E5 /* Resources */,
			);
			buildRules = (
			);
			dependencies = (
				C85F2742286F4C2C00D0A4E5 /* PBXTargetDependency */,
			);
			name = ScoreWindUITests;
			productName = ScoreWindUITests;
			productReference = C85F2740286F4C2C00D0A4E5 /* ScoreWindUITests.xctest */;
			productType = "com.apple.product-type.bundle.ui-testing";
		};
/* End PBXNativeTarget section */

/* Begin PBXProject section */
		C85F271E286F4C2B00D0A4E5 /* Project object */ = {
			isa = PBXProject;
			attributes = {
				BuildIndependentTargetsInParallel = 1;
				LastSwiftUpdateCheck = 1340;
				LastUpgradeCheck = 1340;
				TargetAttributes = {
					C85F2725286F4C2B00D0A4E5 = {
						CreatedOnToolsVersion = 13.4;
					};
					C85F2735286F4C2C00D0A4E5 = {
						CreatedOnToolsVersion = 13.4;
						TestTargetID = C85F2725286F4C2B00D0A4E5;
					};
					C85F273F286F4C2C00D0A4E5 = {
						CreatedOnToolsVersion = 13.4;
						TestTargetID = C85F2725286F4C2B00D0A4E5;
					};
				};
			};
			buildConfigurationList = C85F2721286F4C2B00D0A4E5 /* Build configuration list for PBXProject "ScoreWind" */;
			compatibilityVersion = "Xcode 13.0";
			developmentRegion = en;
			hasScannedForEncodings = 0;
			knownRegions = (
				en,
				Base,
			);
			mainGroup = C85F271D286F4C2B00D0A4E5;
			productRefGroup = C85F2727286F4C2B00D0A4E5 /* Products */;
			projectDirPath = "";
			projectRoot = "";
			targets = (
				C85F2725286F4C2B00D0A4E5 /* ScoreWind */,
				C85F2735286F4C2C00D0A4E5 /* ScoreWindTests */,
				C85F273F286F4C2C00D0A4E5 /* ScoreWindUITests */,
			);
		};
/* End PBXProject section */

/* Begin PBXResourcesBuildPhase section */
		C85F2724286F4C2B00D0A4E5 /* Resources */ = {
			isa = PBXResourcesBuildPhase;
			buildActionMask = 2147483647;
			files = (
				C85F2731286F4C2C00D0A4E5 /* Preview Assets.xcassets in Resources */,
				C85F272E286F4C2C00D0A4E5 /* Assets.xcassets in Resources */,
			);
			runOnlyForDeploymentPostprocessing = 0;
		};
		C85F2734286F4C2C00D0A4E5 /* Resources */ = {
			isa = PBXResourcesBuildPhase;
			buildActionMask = 2147483647;
			files = (
			);
			runOnlyForDeploymentPostprocessing = 0;
		};
		C85F273E286F4C2C00D0A4E5 /* Resources */ = {
			isa = PBXResourcesBuildPhase;
			buildActionMask = 2147483647;
			files = (
			);
			runOnlyForDeploymentPostprocessing = 0;
		};
/* End PBXResourcesBuildPhase section */

/* Begin PBXSourcesBuildPhase section */
		C85F2722286F4C2B00D0A4E5 /* Sources */ = {
			isa = PBXSourcesBuildPhase;
			buildActionMask = 2147483647;
			files = (
				C85F272C286F4C2B00D0A4E5 /* ContentView.swift in Sources */,
				C85F272A286F4C2B00D0A4E5 /* ScoreWindApp.swift in Sources */,
			);
			runOnlyForDeploymentPostprocessing = 0;
		};
		C85F2732286F4C2C00D0A4E5 /* Sources */ = {
			isa = PBXSourcesBuildPhase;
			buildActionMask = 2147483647;
			files = (
				C85F273B286F4C2C00D0A4E5 /* ScoreWindTests.swift in Sources */,
			);
			runOnlyForDeploymentPostprocessing = 0;
		};
		C85F273C286F4C2C00D0A4E5 /* Sources */ = {
			isa = PBXSourcesBuildPhase;
			buildActionMask = 2147483647;
			files = (
				C85F2745286F4C2C00D0A4E5 /* ScoreWindUITests.swift in Sources */,
				C85F2747286F4C2C00D0A4E5 /* ScoreWindUITestsLaunchTests.swift in Sources */,
			);
			runOnlyForDeploymentPostprocessing = 0;
		};
/* End PBXSourcesBuildPhase section */

/* Begin PBXTargetDependency section */
		C85F2738286F4C2C00D0A4E5 /* PBXTargetDependency */ = {
			isa = PBXTargetDependency;
			target = C85F2725286F4C2B00D0A4E5 /* ScoreWind */;
			targetProxy = C85F2737286F4C2C00D0A4E5 /* PBXContainerItemProxy */;
		};
		C85F2742286F4C2C00D0A4E5 /* PBXTargetDependency */ = {
			isa = PBXTargetDependency;
			target = C85F2725286F4C2B00D0A4E5 /* ScoreWind */;
			targetProxy = C85F2741286F4C2C00D0A4E5 /* PBXContainerItemProxy */;
		};
/* End PBXTargetDependency section */

/* Begin XCBuildConfiguration section */
		C85F2748286F4C2C00D0A4E5 /* Debug */ = {
			isa = XCBuildConfiguration;
			buildSettings = {
				ALWAYS_SEARCH_USER_PATHS = NO;
				CLANG_ANALYZER_NONNULL = YES;
				CLANG_ANALYZER_NUMBER_OBJECT_CONVERSION = YES_AGGRESSIVE;
				CLANG_CXX_LANGUAGE_STANDARD = "gnu++17";
				CLANG_ENABLE_MODULES = YES;
				CLANG_ENABLE_OBJC_ARC = YES;
				CLANG_ENABLE_OBJC_WEAK = YES;
				CLANG_WARN_BLOCK_CAPTURE_AUTORELEASING = YES;
				CLANG_WARN_BOOL_CONVERSION = YES;
				CLANG_WARN_COMMA = YES;
				CLANG_WARN_CONSTANT_CONVERSION = YES;
				CLANG_WARN_DEPRECATED_OBJC_IMPLEMENTATIONS = YES;
				CLANG_WARN_DIRECT_OBJC_ISA_USAGE = YES_ERROR;
				CLANG_WARN_DOCUMENTATION_COMMENTS = YES;
				CLANG_WARN_EMPTY_BODY = YES;
				CLANG_WARN_ENUM_CONVERSION = YES;
				CLANG_WARN_INFINITE_RECURSION = YES;
				CLANG_WARN_INT_CONVERSION = YES;
				CLANG_WARN_NON_LITERAL_NULL_CONVERSION = YES;
				CLANG_WARN_OBJC_IMPLICIT_RETAIN_SELF = YES;
				CLANG_WARN_OBJC_LITERAL_CONVERSION = YES;
				CLANG_WARN_OBJC_ROOT_CLASS = YES_ERROR;
				CLANG_WARN_QUOTED_INCLUDE_IN_FRAMEWORK_HEADER = YES;
				CLANG_WARN_RANGE_LOOP_ANALYSIS = YES;
				CLANG_WARN_STRICT_PROTOTYPES = YES;
				CLANG_WARN_SUSPICIOUS_MOVE = YES;
				CLANG_WARN_UNGUARDED_AVAILABILITY = YES_AGGRESSIVE;
				CLANG_WARN_UNREACHABLE_CODE = YES;
				CLANG_WARN__DUPLICATE_METHOD_MATCH = YES;
				COPY_PHASE_STRIP = NO;
				DEBUG_INFORMATION_FORMAT = dwarf;
				ENABLE_STRICT_OBJC_MSGSEND = YES;
				ENABLE_TESTABILITY = YES;
				GCC_C_LANGUAGE_STANDARD = gnu11;
				GCC_DYNAMIC_NO_PIC = NO;
				GCC_NO_COMMON_BLOCKS = YES;
				GCC_OPTIMIZATION_LEVEL = 0;
				GCC_PREPROCESSOR_DEFINITIONS = (
					"DEBUG=1",
					"$(inherited)",
				);
				GCC_WARN_64_TO_32_BIT_CONVERSION = YES;
				GCC_WARN_ABOUT_RETURN_TYPE = YES_ERROR;
				GCC_WARN_UNDECLARED_SELECTOR = YES;
				GCC_WARN_UNINITIALIZED_AUTOS = YES_AGGRESSIVE;
				GCC_WARN_UNUSED_FUNCTION = YES;
				GCC_WARN_UNUSED_VARIABLE = YES;
				IPHONEOS_DEPLOYMENT_TARGET = 15.5;
				MTL_ENABLE_DEBUG_INFO = INCLUDE_SOURCE;
				MTL_FAST_MATH = YES;
				ONLY_ACTIVE_ARCH = YES;
				SDKROOT = iphoneos;
				SWIFT_ACTIVE_COMPILATION_CONDITIONS = DEBUG;
				SWIFT_OPTIMIZATION_LEVEL = "-Onone";
			};
			name = Debug;
		};
		C85F2749286F4C2C00D0A4E5 /* Release */ = {
			isa = XCBuildConfiguration;
			buildSettings = {
				ALWAYS_SEARCH_USER_PATHS = NO;
				CLANG_ANALYZER_NONNULL = YES;
				CLANG_ANALYZER_NUMBER_OBJECT_CONVERSION = YES_AGGRESSIVE;
				CLANG_CXX_LANGUAGE_STANDARD = "gnu++17";
				CLANG_ENABLE_MODULES = YES;
				CLANG_ENABLE_OBJC_ARC = YES;
				CLANG_ENABLE_OBJC_WEAK = YES;
				CLANG_WARN_BLOCK_CAPTURE_AUTORELEASING = YES;
				CLANG_WARN_BOOL_CONVERSION = YES;
				CLANG_WARN_COMMA = YES;
				CLANG_WARN_CONSTANT_CONVERSION = YES;
				CLANG_WARN_DEPRECATED_OBJC_IMPLEMENTATIONS = YES;
				CLANG_WARN_DIRECT_OBJC_ISA_USAGE = YES_ERROR;
				CLANG_WARN_DOCUMENTATION_COMMENTS = YES;
				CLANG_WARN_EMPTY_BODY = YES;
				CLANG_WARN_ENUM_CONVERSION = YES;
				CLANG_WARN_INFINITE_RECURSION = YES;
				CLANG_WARN_INT_CONVERSION = YES;
				CLANG_WARN_NON_LITERAL_NULL_CONVERSION = YES;
				CLANG_WARN_OBJC_IMPLICIT_RETAIN_SELF = YES;
				CLANG_WARN_OBJC_LITERAL_CONVERSION = YES;
				CLANG_WARN_OBJC_ROOT_CLASS = YES_ERROR;
				CLANG_WARN_QUOTED_INCLUDE_IN_FRAMEWORK_HEADER = YES;
				CLANG_WARN_RANGE_LOOP_ANALYSIS = YES;
				CLANG_WARN_STRICT_PROTOTYPES = YES;
				CLANG_WARN_SUSPICIOUS_MOVE = YES;
				CLANG_WARN_UNGUARDED_AVAILABILITY = YES_AGGRESSIVE;
				CLANG_WARN_UNREACHABLE_CODE = YES;
				CLANG_WARN__DUPLICATE_METHOD_MATCH = YES;
				COPY_PHASE_STRIP = NO;
				DEBUG_INFORMATION_FORMAT = "dwarf-with-dsym";
				ENABLE_NS_ASSERTIONS = NO;
				ENABLE_STRICT_OBJC_MSGSEND = YES;
				GCC_C_LANGUAGE_STANDARD = gnu11;
				GCC_NO_COMMON_BLOCKS = YES;
				GCC_WARN_64_TO_32_BIT_CONVERSION = YES;
				GCC_WARN_ABOUT_RETURN_TYPE = YES_ERROR;
				GCC_WARN_UNDECLARED_SELECTOR = YES;
				GCC_WARN_UNINITIALIZED_AUTOS = YES_AGGRESSIVE;
				GCC_WARN_UNUSED_FUNCTION = YES;
				GCC_WARN_UNUSED_VARIABLE = YES;
				IPHONEOS_DEPLOYMENT_TARGET = 15.5;
				MTL_ENABLE_DEBUG_INFO = NO;
				MTL_FAST_MATH = YES;
				SDKROOT = iphoneos;
				SWIFT_COMPILATION_MODE = wholemodule;
				SWIFT_OPTIMIZATION_LEVEL = "-O";
				VALIDATE_PRODUCT = YES;
			};
			name = Release;
		};
		C85F274B286F4C2C00D0A4E5 /* Debug */ = {
			isa = XCBuildConfiguration;
			buildSettings = {
				ASSETCATALOG_COMPILER_APPICON_NAME = AppIcon;
				ASSETCATALOG_COMPILER_GLOBAL_ACCENT_COLOR_NAME = AccentColor;
				CODE_SIGN_STYLE = Automatic;
				CURRENT_PROJECT_VERSION = 1;
				DEVELOPMENT_ASSET_PATHS = "\"ScoreWind/Preview Content\"";
				DEVELOPMENT_TEAM = 23BXR5AUUB;
				ENABLE_PREVIEWS = YES;
				GENERATE_INFOPLIST_FILE = YES;
				INFOPLIST_KEY_UIApplicationSceneManifest_Generation = YES;
				INFOPLIST_KEY_UIApplicationSupportsIndirectInputEvents = YES;
				INFOPLIST_KEY_UILaunchScreen_Generation = YES;
				INFOPLIST_KEY_UISupportedInterfaceOrientations_iPad = "UIInterfaceOrientationPortrait UIInterfaceOrientationPortraitUpsideDown UIInterfaceOrientationLandscapeLeft UIInterfaceOrientationLandscapeRight";
				INFOPLIST_KEY_UISupportedInterfaceOrientations_iPhone = "UIInterfaceOrientationPortrait UIInterfaceOrientationLandscapeLeft UIInterfaceOrientationLandscapeRight";
				LD_RUNPATH_SEARCH_PATHS = (
					"$(inherited)",
					"@executable_path/Frameworks",
				);
				MARKETING_VERSION = 1.0;
				PRODUCT_BUNDLE_IDENTIFIER = com.elosoft.ScoreWind;
				PRODUCT_NAME = "$(TARGET_NAME)";
				SWIFT_EMIT_LOC_STRINGS = YES;
				SWIFT_VERSION = 5.0;
				TARGETED_DEVICE_FAMILY = "1,2";
			};
			name = Debug;
		};
		C85F274C286F4C2C00D0A4E5 /* Release */ = {
			isa = XCBuildConfiguration;
			buildSettings = {
				ASSETCATALOG_COMPILER_APPICON_NAME = AppIcon;
				ASSETCATALOG_COMPILER_GLOBAL_ACCENT_COLOR_NAME = AccentColor;
				CODE_SIGN_STYLE = Automatic;
				CURRENT_PROJECT_VERSION = 1;
				DEVELOPMENT_ASSET_PATHS = "\"ScoreWind/Preview Content\"";
				DEVELOPMENT_TEAM = 23BXR5AUUB;
				ENABLE_PREVIEWS = YES;
				GENERATE_INFOPLIST_FILE = YES;
				INFOPLIST_KEY_UIApplicationSceneManifest_Generation = YES;
				INFOPLIST_KEY_UIApplicationSupportsIndirectInputEvents = YES;
				INFOPLIST_KEY_UILaunchScreen_Generation = YES;
				INFOPLIST_KEY_UISupportedInterfaceOrientations_iPad = "UIInterfaceOrientationPortrait UIInterfaceOrientationPortraitUpsideDown UIInterfaceOrientationLandscapeLeft UIInterfaceOrientationLandscapeRight";
				INFOPLIST_KEY_UISupportedInterfaceOrientations_iPhone = "UIInterfaceOrientationPortrait UIInterfaceOrientationLandscapeLeft UIInterfaceOrientationLandscapeRight";
				LD_RUNPATH_SEARCH_PATHS = (
					"$(inherited)",
					"@executable_path/Frameworks",
				);
				MARKETING_VERSION = 1.0;
				PRODUCT_BUNDLE_IDENTIFIER = com.elosoft.ScoreWind;
				PRODUCT_NAME = "$(TARGET_NAME)";
				SWIFT_EMIT_LOC_STRINGS = YES;
				SWIFT_VERSION = 5.0;
				TARGETED_DEVICE_FAMILY = "1,2";
			};
			name = Release;
		};
		C85F274E286F4C2C00D0A4E5 /* Debug */ = {
			isa = XCBuildConfiguration;
			buildSettings = {
				ALWAYS_EMBED_SWIFT_STANDARD_LIBRARIES = YES;
				BUNDLE_LOADER = "$(TEST_HOST)";
				CODE_SIGN_STYLE = Automatic;
				CURRENT_PROJECT_VERSION = 1;
				DEVELOPMENT_TEAM = 23BXR5AUUB;
				GENERATE_INFOPLIST_FILE = YES;
				IPHONEOS_DEPLOYMENT_TARGET = 15.5;
				MARKETING_VERSION = 1.0;
				PRODUCT_BUNDLE_IDENTIFIER = com.elosoft.ScoreWindTests;
				PRODUCT_NAME = "$(TARGET_NAME)";
				SWIFT_EMIT_LOC_STRINGS = NO;
				SWIFT_VERSION = 5.0;
				TARGETED_DEVICE_FAMILY = "1,2";
				TEST_HOST = "$(BUILT_PRODUCTS_DIR)/ScoreWind.app/ScoreWind";
			};
			name = Debug;
		};
		C85F274F286F4C2C00D0A4E5 /* Release */ = {
			isa = XCBuildConfiguration;
			buildSettings = {
				ALWAYS_EMBED_SWIFT_STANDARD_LIBRARIES = YES;
				BUNDLE_LOADER = "$(TEST_HOST)";
				CODE_SIGN_STYLE = Automatic;
				CURRENT_PROJECT_VERSION = 1;
				DEVELOPMENT_TEAM = 23BXR5AUUB;
				GENERATE_INFOPLIST_FILE = YES;
				IPHONEOS_DEPLOYMENT_TARGET = 15.5;
				MARKETING_VERSION = 1.0;
				PRODUCT_BUNDLE_IDENTIFIER = com.elosoft.ScoreWindTests;
				PRODUCT_NAME = "$(TARGET_NAME)";
				SWIFT_EMIT_LOC_STRINGS = NO;
				SWIFT_VERSION = 5.0;
				TARGETED_DEVICE_FAMILY = "1,2";
				TEST_HOST = "$(BUILT_PRODUCTS_DIR)/ScoreWind.app/ScoreWind";
			};
			name = Release;
		};
		C85F2751286F4C2C00D0A4E5 /* Debug */ = {
			isa = XCBuildConfiguration;
			buildSettings = {
				ALWAYS_EMBED_SWIFT_STANDARD_LIBRARIES = YES;
				CODE_SIGN_STYLE = Automatic;
				CURRENT_PROJECT_VERSION = 1;
				DEVELOPMENT_TEAM = 23BXR5AUUB;
				GENERATE_INFOPLIST_FILE = YES;
				MARKETING_VERSION = 1.0;
				PRODUCT_BUNDLE_IDENTIFIER = com.elosoft.ScoreWindUITests;
				PRODUCT_NAME = "$(TARGET_NAME)";
				SWIFT_EMIT_LOC_STRINGS = NO;
				SWIFT_VERSION = 5.0;
				TARGETED_DEVICE_FAMILY = "1,2";
				TEST_TARGET_NAME = ScoreWind;
			};
			name = Debug;
		};
		C85F2752286F4C2C00D0A4E5 /* Release */ = {
			isa = XCBuildConfiguration;
			buildSettings = {
				ALWAYS_EMBED_SWIFT_STANDARD_LIBRARIES = YES;
				CODE_SIGN_STYLE = Automatic;
				CURRENT_PROJECT_VERSION = 1;
				DEVELOPMENT_TEAM = 23BXR5AUUB;
				GENERATE_INFOPLIST_FILE = YES;
				MARKETING_VERSION = 1.0;
				PRODUCT_BUNDLE_IDENTIFIER = com.elosoft.ScoreWindUITests;
				PRODUCT_NAME = "$(TARGET_NAME)";
				SWIFT_EMIT_LOC_STRINGS = NO;
				SWIFT_VERSION = 5.0;
				TARGETED_DEVICE_FAMILY = "1,2";
				TEST_TARGET_NAME = ScoreWind;
			};
			name = Release;
		};
/* End XCBuildConfiguration section */

/* Begin XCConfigurationList section */
		C85F2721286F4C2B00D0A4E5 /* Build configuration list for PBXProject "ScoreWind" */ = {
			isa = XCConfigurationList;
			buildConfigurations = (
				C85F2748286F4C2C00D0A4E5 /* Debug */,
				C85F2749286F4C2C00D0A4E5 /* Release */,
			);
			defaultConfigurationIsVisible = 0;
			defaultConfigurationName = Release;
		};
		C85F274A286F4C2C00D0A4E5 /* Build configuration list for PBXNativeTarget "ScoreWind" */ = {
			isa = XCConfigurationList;
			buildConfigurations = (
				C85F274B286F4C2C00D0A4E5 /* Debug */,
				C85F274C286F4C2C00D0A4E5 /* Release */,
			);
			defaultConfigurationIsVisible = 0;
			defaultConfigurationName = Release;
		};
		C85F274D286F4C2C00D0A4E5 /* Build configuration list for PBXNativeTarget "ScoreWindTests" */ = {
			isa = XCConfigurationList;
			buildConfigurations = (
				C85F274E286F4C2C00D0A4E5 /* Debug */,
				C85F274F286F4C2C00D0A4E5 /* Release */,
			);
			defaultConfigurationIsVisible = 0;
			defaultConfigurationName = Release;
		};
		C85F2750286F4C2C00D0A4E5 /* Build configuration list for PBXNativeTarget "ScoreWindUITests" */ = {
			isa = XCConfigurationList;
			buildConfigurations = (
				C85F2751286F4C2C00D0A4E5 /* Debug */,
				C85F2752286F4C2C00D0A4E5 /* Release */,
			);
			defaultConfigurationIsVisible = 0;
			defaultConfigurationName = Release;
		};
/* End XCConfigurationList section */
	};
	rootObject = C85F271E286F4C2B00D0A4E5 /* Project object */;
}
